
Microsoft Visual Studio Solution File, Format Version 12.00
# Visual Studio Version 16
VisualStudioVersion = 16.0.29519.87
MinimumVisualStudioVersion = 10.0.40219.1
Project("{FAE04EC0-301F-11D3-BF4B-00C04F79EFBC}") = "TaregaApp.UWP", "TaregaApp\TaregaApp.UWP\TaregaApp.UWP.csproj", "{90BE428A-023C-4C0D-AB63-31DD68825643}"
EndProject
Project("{FAE04EC0-301F-11D3-BF4B-00C04F79EFBC}") = "TaregaApp.Android", "TaregaApp\TaregaApp.Android\TaregaApp.Android.csproj", "{4E53C244-E4C3-4E69-92E8-62EA4FB7D010}"
EndProject
Project("{FAE04EC0-301F-11D3-BF4B-00C04F79EFBC}") = "TaregaApp.iOS", "TaregaApp\TaregaApp.iOS\TaregaApp.iOS.csproj", "{A5EB0EEA-6B53-4706-B64D-DE6DDE6CBADD}"
EndProject
Project("{FAE04EC0-301F-11D3-BF4B-00C04F79EFBC}") = "TaregaApp", "TaregaApp\TaregaApp\TaregaApp.csproj", "{AAEBFE6D-A0FF-4384-9EFB-311FB5540C2D}"
EndProject
Global
	GlobalSection(SolutionConfigurationPlatforms) = preSolution
		Debug|Any CPU = Debug|Any CPU
		Debug|ARM = Debug|ARM
		Debug|iPhone = Debug|iPhone
		Debug|iPhoneSimulator = Debug|iPhoneSimulator
		Debug|x64 = Debug|x64
		Debug|x86 = Debug|x86
		Release|Any CPU = Release|Any CPU
		Release|ARM = Release|ARM
		Release|iPhone = Release|iPhone
		Release|iPhoneSimulator = Release|iPhoneSimulator
		Release|x64 = Release|x64
		Release|x86 = Release|x86
	EndGlobalSection
	GlobalSection(ProjectConfigurationPlatforms) = postSolution
		{90BE428A-023C-4C0D-AB63-31DD68825643}.Debug|Any CPU.ActiveCfg = Debug|x86
		{90BE428A-023C-4C0D-AB63-31DD68825643}.Debug|Any CPU.Build.0 = Debug|x86
		{90BE428A-023C-4C0D-AB63-31DD68825643}.Debug|Any CPU.Deploy.0 = Debug|x86
		{90BE428A-023C-4C0D-AB63-31DD68825643}.Debug|ARM.ActiveCfg = Debug|ARM
		{90BE428A-023C-4C0D-AB63-31DD68825643}.Debug|ARM.Build.0 = Debug|ARM
		{90BE428A-023C-4C0D-AB63-31DD68825643}.Debug|ARM.Deploy.0 = Debug|ARM
		{90BE428A-023C-4C0D-AB63-31DD68825643}.Debug|iPhone.ActiveCfg = Debug|x86
		{90BE428A-023C-4C0D-AB63-31DD68825643}.Debug|iPhone.Build.0 = Debug|x86
		{90BE428A-023C-4C0D-AB63-31DD68825643}.Debug|iPhone.Deploy.0 = Debug|x86
		{90BE428A-023C-4C0D-AB63-31DD68825643}.Debug|iPhoneSimulator.ActiveCfg = Debug|x86
		{90BE428A-023C-4C0D-AB63-31DD68825643}.Debug|iPhoneSimulator.Build.0 = Debug|x86
		{90BE428A-023C-4C0D-AB63-31DD68825643}.Debug|iPhoneSimulator.Deploy.0 = Debug|x86
		{90BE428A-023C-4C0D-AB63-31DD68825643}.Debug|x64.ActiveCfg = Debug|x64
		{90BE428A-023C-4C0D-AB63-31DD68825643}.Debug|x64.Build.0 = Debug|x64
		{90BE428A-023C-4C0D-AB63-31DD68825643}.Debug|x64.Deploy.0 = Debug|x64
		{90BE428A-023C-4C0D-AB63-31DD68825643}.Debug|x86.ActiveCfg = Debug|x86
		{90BE428A-023C-4C0D-AB63-31DD68825643}.Debug|x86.Build.0 = Debug|x86
		{90BE428A-023C-4C0D-AB63-31DD68825643}.Debug|x86.Deploy.0 = Debug|x86
		{90BE428A-023C-4C0D-AB63-31DD68825643}.Release|Any CPU.ActiveCfg = Release|x86
		{90BE428A-023C-4C0D-AB63-31DD68825643}.Release|Any CPU.Build.0 = Release|x86
		{90BE428A-023C-4C0D-AB63-31DD68825643}.Release|Any CPU.Deploy.0 = Release|x86
		{90BE428A-023C-4C0D-AB63-31DD68825643}.Release|ARM.ActiveCfg = Release|ARM
		{90BE428A-023C-4C0D-AB63-31DD68825643}.Release|ARM.Build.0 = Release|ARM
		{90BE428A-023C-4C0D-AB63-31DD68825643}.Release|ARM.Deploy.0 = Release|ARM
		{90BE428A-023C-4C0D-AB63-31DD68825643}.Release|iPhone.ActiveCfg = Release|x86
		{90BE428A-023C-4C0D-AB63-31DD68825643}.Release|iPhone.Build.0 = Release|x86
		{90BE428A-023C-4C0D-AB63-31DD68825643}.Release|iPhone.Deploy.0 = Release|x86
		{90BE428A-023C-4C0D-AB63-31DD68825643}.Release|iPhoneSimulator.ActiveCfg = Release|x86
		{90BE428A-023C-4C0D-AB63-31DD68825643}.Release|iPhoneSimulator.Build.0 = Release|x86
		{90BE428A-023C-4C0D-AB63-31DD68825643}.Release|iPhoneSimulator.Deploy.0 = Release|x86
		{90BE428A-023C-4C0D-AB63-31DD68825643}.Release|x64.ActiveCfg = Release|x64
		{90BE428A-023C-4C0D-AB63-31DD68825643}.Release|x64.Build.0 = Release|x64
		{90BE428A-023C-4C0D-AB63-31DD68825643}.Release|x64.Deploy.0 = Release|x64
		{90BE428A-023C-4C0D-AB63-31DD68825643}.Release|x86.ActiveCfg = Release|x86
		{90BE428A-023C-4C0D-AB63-31DD68825643}.Release|x86.Build.0 = Release|x86
		{90BE428A-023C-4C0D-AB63-31DD68825643}.Release|x86.Deploy.0 = Release|x86
		{4E53C244-E4C3-4E69-92E8-62EA4FB7D010}.Debug|Any CPU.ActiveCfg = Debug|Any CPU
		{4E53C244-E4C3-4E69-92E8-62EA4FB7D010}.Debug|Any CPU.Build.0 = Debug|Any CPU
		{4E53C244-E4C3-4E69-92E8-62EA4FB7D010}.Debug|Any CPU.Deploy.0 = Debug|Any CPU
		{4E53C244-E4C3-4E69-92E8-62EA4FB7D010}.Debug|ARM.ActiveCfg = Debug|Any CPU
		{4E53C244-E4C3-4E69-92E8-62EA4FB7D010}.Debug|ARM.Build.0 = Debug|Any CPU
		{4E53C244-E4C3-4E69-92E8-62EA4FB7D010}.Debug|ARM.Deploy.0 = Debug|Any CPU
		{4E53C244-E4C3-4E69-92E8-62EA4FB7D010}.Debug|iPhone.ActiveCfg = Debug|Any CPU
		{4E53C244-E4C3-4E69-92E8-62EA4FB7D010}.Debug|iPhone.Build.0 = Debug|Any CPU
		{4E53C244-E4C3-4E69-92E8-62EA4FB7D010}.Debug|iPhone.Deploy.0 = Debug|Any CPU
		{4E53C244-E4C3-4E69-92E8-62EA4FB7D010}.Debug|iPhoneSimulator.ActiveCfg = Debug|Any CPU
		{4E53C244-E4C3-4E69-92E8-62EA4FB7D010}.Debug|iPhoneSimulator.Build.0 = Debug|Any CPU
		{4E53C244-E4C3-4E69-92E8-62EA4FB7D010}.Debug|iPhoneSimulator.Deploy.0 = Debug|Any CPU
		{4E53C244-E4C3-4E69-92E8-62EA4FB7D010}.Debug|x64.ActiveCfg = Debug|Any CPU
		{4E53C244-E4C3-4E69-92E8-62EA4FB7D010}.Debug|x64.Build.0 = Debug|Any CPU
		{4E53C244-E4C3-4E69-92E8-62EA4FB7D010}.Debug|x64.Deploy.0 = Debug|Any CPU
		{4E53C244-E4C3-4E69-92E8-62EA4FB7D010}.Debug|x86.ActiveCfg = Debug|Any CPU
		{4E53C244-E4C3-4E69-92E8-62EA4FB7D010}.Debug|x86.Build.0 = Debug|Any CPU
		{4E53C244-E4C3-4E69-92E8-62EA4FB7D010}.Debug|x86.Deploy.0 = Debug|Any CPU
		{4E53C244-E4C3-4E69-92E8-62EA4FB7D010}.Release|Any CPU.ActiveCfg = Release|Any CPU
		{4E53C244-E4C3-4E69-92E8-62EA4FB7D010}.Release|Any CPU.Build.0 = Release|Any CPU
		{4E53C244-E4C3-4E69-92E8-62EA4FB7D010}.Release|Any CPU.Deploy.0 = Release|Any CPU
		{4E53C244-E4C3-4E69-92E8-62EA4FB7D010}.Release|ARM.ActiveCfg = Release|Any CPU
		{4E53C244-E4C3-4E69-92E8-62EA4FB7D010}.Release|ARM.Build.0 = Release|Any CPU
		{4E53C244-E4C3-4E69-92E8-62EA4FB7D010}.Release|ARM.Deploy.0 = Release|Any CPU
		{4E53C244-E4C3-4E69-92E8-62EA4FB7D010}.Release|iPhone.ActiveCfg = Release|Any CPU
		{4E53C244-E4C3-4E69-92E8-62EA4FB7D010}.Release|iPhone.Build.0 = Release|Any CPU
		{4E53C244-E4C3-4E69-92E8-62EA4FB7D010}.Release|iPhone.Deploy.0 = Release|Any CPU
		{4E53C244-E4C3-4E69-92E8-62EA4FB7D010}.Release|iPhoneSimulator.ActiveCfg = Release|Any CPU
		{4E53C244-E4C3-4E69-92E8-62EA4FB7D010}.Release|iPhoneSimulator.Build.0 = Release|Any CPU
		{4E53C244-E4C3-4E69-92E8-62EA4FB7D010}.Release|iPhoneSimulator.Deploy.0 = Release|Any CPU
		{4E53C244-E4C3-4E69-92E8-62EA4FB7D010}.Release|x64.ActiveCfg = Release|Any CPU
		{4E53C244-E4C3-4E69-92E8-62EA4FB7D010}.Release|x64.Build.0 = Release|Any CPU
		{4E53C244-E4C3-4E69-92E8-62EA4FB7D010}.Release|x64.Deploy.0 = Release|Any CPU
		{4E53C244-E4C3-4E69-92E8-62EA4FB7D010}.Release|x86.ActiveCfg = Release|Any CPU
		{4E53C244-E4C3-4E69-92E8-62EA4FB7D010}.Release|x86.Build.0 = Release|Any CPU
		{4E53C244-E4C3-4E69-92E8-62EA4FB7D010}.Release|x86.Deploy.0 = Release|Any CPU
		{A5EB0EEA-6B53-4706-B64D-DE6DDE6CBADD}.Debug|Any CPU.ActiveCfg = Debug|iPhone
		{A5EB0EEA-6B53-4706-B64D-DE6DDE6CBADD}.Debug|Any CPU.Build.0 = Debug|iPhone
		{A5EB0EEA-6B53-4706-B64D-DE6DDE6CBADD}.Debug|Any CPU.Deploy.0 = Debug|iPhone
		{A5EB0EEA-6B53-4706-B64D-DE6DDE6CBADD}.Debug|ARM.ActiveCfg = Debug|iPhoneSimulator
		{A5EB0EEA-6B53-4706-B64D-DE6DDE6CBADD}.Debug|ARM.Build.0 = Debug|iPhoneSimulator
		{A5EB0EEA-6B53-4706-B64D-DE6DDE6CBADD}.Debug|ARM.Deploy.0 = Debug|iPhoneSimulator
		{A5EB0EEA-6B53-4706-B64D-DE6DDE6CBADD}.Debug|iPhone.ActiveCfg = Debug|iPhone
		{A5EB0EEA-6B53-4706-B64D-DE6DDE6CBADD}.Debug|iPhone.Build.0 = Debug|iPhone
		{A5EB0EEA-6B53-4706-B64D-DE6DDE6CBADD}.Debug|iPhone.Deploy.0 = Debug|iPhone
		{A5EB0EEA-6B53-4706-B64D-DE6DDE6CBADD}.Debug|iPhoneSimulator.ActiveCfg = Debug|iPhoneSimulator
		{A5EB0EEA-6B53-4706-B64D-DE6DDE6CBADD}.Debug|iPhoneSimulator.Build.0 = Debug|iPhoneSimulator
		{A5EB0EEA-6B53-4706-B64D-DE6DDE6CBADD}.Debug|iPhoneSimulator.Deploy.0 = Debug|iPhoneSimulator
		{A5EB0EEA-6B53-4706-B64D-DE6DDE6CBADD}.Debug|x64.ActiveCfg = Debug|iPhone
		{A5EB0EEA-6B53-4706-B64D-DE6DDE6CBADD}.Debug|x64.Build.0 = Debug|iPhone
		{A5EB0EEA-6B53-4706-B64D-DE6DDE6CBADD}.Debug|x64.Deploy.0 = Debug|iPhone
		{A5EB0EEA-6B53-4706-B64D-DE6DDE6CBADD}.Debug|x86.ActiveCfg = Debug|iPhone
		{A5EB0EEA-6B53-4706-B64D-DE6DDE6CBADD}.Debug|x86.Build.0 = Debug|iPhone
		{A5EB0EEA-6B53-4706-B64D-DE6DDE6CBADD}.Debug|x86.Deploy.0 = Debug|iPhone
		{A5EB0EEA-6B53-4706-B64D-DE6DDE6CBADD}.Release|Any CPU.ActiveCfg = Release|iPhone
		{A5EB0EEA-6B53-4706-B64D-DE6DDE6CBADD}.Release|Any CPU.Build.0 = Release|iPhone
		{A5EB0EEA-6B53-4706-B64D-DE6DDE6CBADD}.Release|Any CPU.Deploy.0 = Release|iPhone
		{A5EB0EEA-6B53-4706-B64D-DE6DDE6CBADD}.Release|ARM.ActiveCfg = Release|iPhone
		{A5EB0EEA-6B53-4706-B64D-DE6DDE6CBADD}.Release|ARM.Build.0 = Release|iPhone
		{A5EB0EEA-6B53-4706-B64D-DE6DDE6CBADD}.Release|ARM.Deploy.0 = Release|iPhone
		{A5EB0EEA-6B53-4706-B64D-DE6DDE6CBADD}.Release|iPhone.ActiveCfg = Release|iPhone
		{A5EB0EEA-6B53-4706-B64D-DE6DDE6CBADD}.Release|iPhone.Build.0 = Release|iPhone
		{A5EB0EEA-6B53-4706-B64D-DE6DDE6CBADD}.Release|iPhone.Deploy.0 = Release|iPhone
		{A5EB0EEA-6B53-4706-B64D-DE6DDE6CBADD}.Release|iPhoneSimulator.ActiveCfg = Release|iPhoneSimulator
		{A5EB0EEA-6B53-4706-B64D-DE6DDE6CBADD}.Release|iPhoneSimulator.Build.0 = Release|iPhoneSimulator
		{A5EB0EEA-6B53-4706-B64D-DE6DDE6CBADD}.Release|iPhoneSimulator.Deploy.0 = Release|iPhoneSimulator
		{A5EB0EEA-6B53-4706-B64D-DE6DDE6CBADD}.Release|x64.ActiveCfg = Release|iPhone
		{A5EB0EEA-6B53-4706-B64D-DE6DDE6CBADD}.Release|x64.Build.0 = Release|iPhone
		{A5EB0EEA-6B53-4706-B64D-DE6DDE6CBADD}.Release|x64.Deploy.0 = Release|iPhone
		{A5EB0EEA-6B53-4706-B64D-DE6DDE6CBADD}.Release|x86.ActiveCfg = Release|iPhone
		{A5EB0EEA-6B53-4706-B64D-DE6DDE6CBADD}.Release|x86.Build.0 = Release|iPhone
		{A5EB0EEA-6B53-4706-B64D-DE6DDE6CBADD}.Release|x86.Deploy.0 = Release|iPhone
		{AAEBFE6D-A0FF-4384-9EFB-311FB5540C2D}.Debug|Any CPU.ActiveCfg = Debug|Any CPU
		{AAEBFE6D-A0FF-4384-9EFB-311FB5540C2D}.Debug|Any CPU.Build.0 = Debug|Any CPU
		{AAEBFE6D-A0FF-4384-9EFB-311FB5540C2D}.Debug|Any CPU.Deploy.0 = Debug|Any CPU
		{AAEBFE6D-A0FF-4384-9EFB-311FB5540C2D}.Debug|ARM.ActiveCfg = Debug|Any CPU
		{AAEBFE6D-A0FF-4384-9EFB-311FB5540C2D}.Debug|ARM.Build.0 = Debug|Any CPU
		{AAEBFE6D-A0FF-4384-9EFB-311FB5540C2D}.Debug|ARM.Deploy.0 = Debug|Any CPU
		{AAEBFE6D-A0FF-4384-9EFB-311FB5540C2D}.Debug|iPhone.ActiveCfg = Debug|Any CPU
		{AAEBFE6D-A0FF-4384-9EFB-311FB5540C2D}.Debug|iPhone.Build.0 = Debug|Any CPU
		{AAEBFE6D-A0FF-4384-9EFB-311FB5540C2D}.Debug|iPhone.Deploy.0 = Debug|Any CPU
		{AAEBFE6D-A0FF-4384-9EFB-311FB5540C2D}.Debug|iPhoneSimulator.ActiveCfg = Debug|Any CPU
		{AAEBFE6D-A0FF-4384-9EFB-311FB5540C2D}.Debug|iPhoneSimulator.Build.0 = Debug|Any CPU
		{AAEBFE6D-A0FF-4384-9EFB-311FB5540C2D}.Debug|iPhoneSimulator.Deploy.0 = Debug|Any CPU
		{AAEBFE6D-A0FF-4384-9EFB-311FB5540C2D}.Debug|x64.ActiveCfg = Debug|Any CPU
		{AAEBFE6D-A0FF-4384-9EFB-311FB5540C2D}.Debug|x64.Build.0 = Debug|Any CPU
		{AAEBFE6D-A0FF-4384-9EFB-311FB5540C2D}.Debug|x64.Deploy.0 = Debug|Any CPU
		{AAEBFE6D-A0FF-4384-9EFB-311FB5540C2D}.Debug|x86.ActiveCfg = Debug|Any CPU
		{AAEBFE6D-A0FF-4384-9EFB-311FB5540C2D}.Debug|x86.Build.0 = Debug|Any CPU
		{AAEBFE6D-A0FF-4384-9EFB-311FB5540C2D}.Debug|x86.Deploy.0 = Debug|Any CPU
		{AAEBFE6D-A0FF-4384-9EFB-311FB5540C2D}.Release|Any CPU.ActiveCfg = Release|Any CPU
		{AAEBFE6D-A0FF-4384-9EFB-311FB5540C2D}.Release|Any CPU.Build.0 = Release|Any CPU
		{AAEBFE6D-A0FF-4384-9EFB-311FB5540C2D}.Release|Any CPU.Deploy.0 = Release|Any CPU
		{AAEBFE6D-A0FF-4384-9EFB-311FB5540C2D}.Release|ARM.ActiveCfg = Release|Any CPU
		{AAEBFE6D-A0FF-4384-9EFB-311FB5540C2D}.Release|ARM.Build.0 = Release|Any CPU
		{AAEBFE6D-A0FF-4384-9EFB-311FB5540C2D}.Release|ARM.Deploy.0 = Release|Any CPU
		{AAEBFE6D-A0FF-4384-9EFB-311FB5540C2D}.Release|iPhone.ActiveCfg = Release|Any CPU
		{AAEBFE6D-A0FF-4384-9EFB-311FB5540C2D}.Release|iPhone.Build.0 = Release|Any CPU
		{AAEBFE6D-A0FF-4384-9EFB-311FB5540C2D}.Release|iPhone.Deploy.0 = Release|Any CPU
		{AAEBFE6D-A0FF-4384-9EFB-311FB5540C2D}.Release|iPhoneSimulator.ActiveCfg = Release|Any CPU
		{AAEBFE6D-A0FF-4384-9EFB-311FB5540C2D}.Release|iPhoneSimulator.Build.0 = Release|Any CPU
		{AAEBFE6D-A0FF-4384-9EFB-311FB5540C2D}.Release|iPhoneSimulator.Deploy.0 = Release|Any CPU
		{AAEBFE6D-A0FF-4384-9EFB-311FB5540C2D}.Release|x64.ActiveCfg = Release|Any CPU
		{AAEBFE6D-A0FF-4384-9EFB-311FB5540C2D}.Release|x64.Build.0 = Release|Any CPU
		{AAEBFE6D-A0FF-4384-9EFB-311FB5540C2D}.Release|x64.Deploy.0 = Release|Any CPU
		{AAEBFE6D-A0FF-4384-9EFB-311FB5540C2D}.Release|x86.ActiveCfg = Release|Any CPU
		{AAEBFE6D-A0FF-4384-9EFB-311FB5540C2D}.Release|x86.Build.0 = Release|Any CPU
		{AAEBFE6D-A0FF-4384-9EFB-311FB5540C2D}.Release|x86.Deploy.0 = Release|Any CPU
	EndGlobalSection
	GlobalSection(SolutionProperties) = preSolution
		HideSolutionNode = FALSE
	EndGlobalSection
	GlobalSection(ExtensibilityGlobals) = postSolution
		SolutionGuid = {13F5363A-4D64-40C8-9EE0-235C4FCA4B2F}
	EndGlobalSection
EndGlobal
