
Microsoft Visual Studio Solution File, Format Version 12.00
# Visual Studio Version 16
VisualStudioVersion = 16.0.29519.87
MinimumVisualStudioVersion = 10.0.40219.1
Project("{FAE04EC0-301F-11D3-BF4B-00C04F79EFBC}") = "App2_Xamarin.UWP", "App2_Xamarin\App2_Xamarin.UWP\App2_Xamarin.UWP.csproj", "{C32A908B-9AF6-40B7-854E-C4DD23C0D192}"
EndProject
Project("{FAE04EC0-301F-11D3-BF4B-00C04F79EFBC}") = "App2_Xamarin.Android", "App2_Xamarin\App2_Xamarin.Android\App2_Xamarin.Android.csproj", "{B942D720-874E-4478-AD74-8450E86F40FB}"
EndProject
Project("{FAE04EC0-301F-11D3-BF4B-00C04F79EFBC}") = "App2_Xamarin.iOS", "App2_Xamarin\App2_Xamarin.iOS\App2_Xamarin.iOS.csproj", "{71D925DC-2AAF-451D-A9FD-362B64AD6ACC}"
EndProject
Project("{FAE04EC0-301F-11D3-BF4B-00C04F79EFBC}") = "App2_Xamarin", "App2_Xamarin\App2_Xamarin\App2_Xamarin.csproj", "{77E66F23-36B3-4BAF-9820-C6CD4B13145B}"
EndProject
Global
	GlobalSection(SolutionConfigurationPlatforms) = preSolution
		Debug|Any CPU = Debug|Any CPU
		Debug|ARM = Debug|ARM
		Debug|iPhone = Debug|iPhone
		Debug|iPhoneSimulator = Debug|iPhoneSimulator
		Debug|x64 = Debug|x64
		Debug|x86 = Debug|x86
		Release|Any CPU = Release|Any CPU
		Release|ARM = Release|ARM
		Release|iPhone = Release|iPhone
		Release|iPhoneSimulator = Release|iPhoneSimulator
		Release|x64 = Release|x64
		Release|x86 = Release|x86
	EndGlobalSection
	GlobalSection(ProjectConfigurationPlatforms) = postSolution
		{C32A908B-9AF6-40B7-854E-C4DD23C0D192}.Debug|Any CPU.ActiveCfg = Debug|x86
		{C32A908B-9AF6-40B7-854E-C4DD23C0D192}.Debug|Any CPU.Build.0 = Debug|x86
		{C32A908B-9AF6-40B7-854E-C4DD23C0D192}.Debug|Any CPU.Deploy.0 = Debug|x86
		{C32A908B-9AF6-40B7-854E-C4DD23C0D192}.Debug|ARM.ActiveCfg = Debug|ARM
		{C32A908B-9AF6-40B7-854E-C4DD23C0D192}.Debug|ARM.Build.0 = Debug|ARM
		{C32A908B-9AF6-40B7-854E-C4DD23C0D192}.Debug|ARM.Deploy.0 = Debug|ARM
		{C32A908B-9AF6-40B7-854E-C4DD23C0D192}.Debug|iPhone.ActiveCfg = Debug|x86
		{C32A908B-9AF6-40B7-854E-C4DD23C0D192}.Debug|iPhone.Build.0 = Debug|x86
		{C32A908B-9AF6-40B7-854E-C4DD23C0D192}.Debug|iPhone.Deploy.0 = Debug|x86
		{C32A908B-9AF6-40B7-854E-C4DD23C0D192}.Debug|iPhoneSimulator.ActiveCfg = Debug|x86
		{C32A908B-9AF6-40B7-854E-C4DD23C0D192}.Debug|iPhoneSimulator.Build.0 = Debug|x86
		{C32A908B-9AF6-40B7-854E-C4DD23C0D192}.Debug|iPhoneSimulator.Deploy.0 = Debug|x86
		{C32A908B-9AF6-40B7-854E-C4DD23C0D192}.Debug|x64.ActiveCfg = Debug|x64
		{C32A908B-9AF6-40B7-854E-C4DD23C0D192}.Debug|x64.Build.0 = Debug|x64
		{C32A908B-9AF6-40B7-854E-C4DD23C0D192}.Debug|x64.Deploy.0 = Debug|x64
		{C32A908B-9AF6-40B7-854E-C4DD23C0D192}.Debug|x86.ActiveCfg = Debug|x86
		{C32A908B-9AF6-40B7-854E-C4DD23C0D192}.Debug|x86.Build.0 = Debug|x86
		{C32A908B-9AF6-40B7-854E-C4DD23C0D192}.Debug|x86.Deploy.0 = Debug|x86
		{C32A908B-9AF6-40B7-854E-C4DD23C0D192}.Release|Any CPU.ActiveCfg = Release|x86
		{C32A908B-9AF6-40B7-854E-C4DD23C0D192}.Release|Any CPU.Build.0 = Release|x86
		{C32A908B-9AF6-40B7-854E-C4DD23C0D192}.Release|Any CPU.Deploy.0 = Release|x86
		{C32A908B-9AF6-40B7-854E-C4DD23C0D192}.Release|ARM.ActiveCfg = Release|ARM
		{C32A908B-9AF6-40B7-854E-C4DD23C0D192}.Release|ARM.Build.0 = Release|ARM
		{C32A908B-9AF6-40B7-854E-C4DD23C0D192}.Release|ARM.Deploy.0 = Release|ARM
		{C32A908B-9AF6-40B7-854E-C4DD23C0D192}.Release|iPhone.ActiveCfg = Release|x86
		{C32A908B-9AF6-40B7-854E-C4DD23C0D192}.Release|iPhone.Build.0 = Release|x86
		{C32A908B-9AF6-40B7-854E-C4DD23C0D192}.Release|iPhone.Deploy.0 = Release|x86
		{C32A908B-9AF6-40B7-854E-C4DD23C0D192}.Release|iPhoneSimulator.ActiveCfg = Release|x86
		{C32A908B-9AF6-40B7-854E-C4DD23C0D192}.Release|iPhoneSimulator.Build.0 = Release|x86
		{C32A908B-9AF6-40B7-854E-C4DD23C0D192}.Release|iPhoneSimulator.Deploy.0 = Release|x86
		{C32A908B-9AF6-40B7-854E-C4DD23C0D192}.Release|x64.ActiveCfg = Release|x64
		{C32A908B-9AF6-40B7-854E-C4DD23C0D192}.Release|x64.Build.0 = Release|x64
		{C32A908B-9AF6-40B7-854E-C4DD23C0D192}.Release|x64.Deploy.0 = Release|x64
		{C32A908B-9AF6-40B7-854E-C4DD23C0D192}.Release|x86.ActiveCfg = Release|x86
		{C32A908B-9AF6-40B7-854E-C4DD23C0D192}.Release|x86.Build.0 = Release|x86
		{C32A908B-9AF6-40B7-854E-C4DD23C0D192}.Release|x86.Deploy.0 = Release|x86
		{B942D720-874E-4478-AD74-8450E86F40FB}.Debug|Any CPU.ActiveCfg = Debug|Any CPU
		{B942D720-874E-4478-AD74-8450E86F40FB}.Debug|Any CPU.Build.0 = Debug|Any CPU
		{B942D720-874E-4478-AD74-8450E86F40FB}.Debug|Any CPU.Deploy.0 = Debug|Any CPU
		{B942D720-874E-4478-AD74-8450E86F40FB}.Debug|ARM.ActiveCfg = Debug|Any CPU
		{B942D720-874E-4478-AD74-8450E86F40FB}.Debug|ARM.Build.0 = Debug|Any CPU
		{B942D720-874E-4478-AD74-8450E86F40FB}.Debug|ARM.Deploy.0 = Debug|Any CPU
		{B942D720-874E-4478-AD74-8450E86F40FB}.Debug|iPhone.ActiveCfg = Debug|Any CPU
		{B942D720-874E-4478-AD74-8450E86F40FB}.Debug|iPhone.Build.0 = Debug|Any CPU
		{B942D720-874E-4478-AD74-8450E86F40FB}.Debug|iPhone.Deploy.0 = Debug|Any CPU
		{B942D720-874E-4478-AD74-8450E86F40FB}.Debug|iPhoneSimulator.ActiveCfg = Debug|Any CPU
		{B942D720-874E-4478-AD74-8450E86F40FB}.Debug|iPhoneSimulator.Build.0 = Debug|Any CPU
		{B942D720-874E-4478-AD74-8450E86F40FB}.Debug|iPhoneSimulator.Deploy.0 = Debug|Any CPU
		{B942D720-874E-4478-AD74-8450E86F40FB}.Debug|x64.ActiveCfg = Debug|Any CPU
		{B942D720-874E-4478-AD74-8450E86F40FB}.Debug|x64.Build.0 = Debug|Any CPU
		{B942D720-874E-4478-AD74-8450E86F40FB}.Debug|x64.Deploy.0 = Debug|Any CPU
		{B942D720-874E-4478-AD74-8450E86F40FB}.Debug|x86.ActiveCfg = Debug|Any CPU
		{B942D720-874E-4478-AD74-8450E86F40FB}.Debug|x86.Build.0 = Debug|Any CPU
		{B942D720-874E-4478-AD74-8450E86F40FB}.Debug|x86.Deploy.0 = Debug|Any CPU
		{B942D720-874E-4478-AD74-8450E86F40FB}.Release|Any CPU.ActiveCfg = Release|Any CPU
		{B942D720-874E-4478-AD74-8450E86F40FB}.Release|Any CPU.Build.0 = Release|Any CPU
		{B942D720-874E-4478-AD74-8450E86F40FB}.Release|Any CPU.Deploy.0 = Release|Any CPU
		{B942D720-874E-4478-AD74-8450E86F40FB}.Release|ARM.ActiveCfg = Release|Any CPU
		{B942D720-874E-4478-AD74-8450E86F40FB}.Release|ARM.Build.0 = Release|Any CPU
		{B942D720-874E-4478-AD74-8450E86F40FB}.Release|ARM.Deploy.0 = Release|Any CPU
		{B942D720-874E-4478-AD74-8450E86F40FB}.Release|iPhone.ActiveCfg = Release|Any CPU
		{B942D720-874E-4478-AD74-8450E86F40FB}.Release|iPhone.Build.0 = Release|Any CPU
		{B942D720-874E-4478-AD74-8450E86F40FB}.Release|iPhone.Deploy.0 = Release|Any CPU
		{B942D720-874E-4478-AD74-8450E86F40FB}.Release|iPhoneSimulator.ActiveCfg = Release|Any CPU
		{B942D720-874E-4478-AD74-8450E86F40FB}.Release|iPhoneSimulator.Build.0 = Release|Any CPU
		{B942D720-874E-4478-AD74-8450E86F40FB}.Release|iPhoneSimulator.Deploy.0 = Release|Any CPU
		{B942D720-874E-4478-AD74-8450E86F40FB}.Release|x64.ActiveCfg = Release|Any CPU
		{B942D720-874E-4478-AD74-8450E86F40FB}.Release|x64.Build.0 = Release|Any CPU
		{B942D720-874E-4478-AD74-8450E86F40FB}.Release|x64.Deploy.0 = Release|Any CPU
		{B942D720-874E-4478-AD74-8450E86F40FB}.Release|x86.ActiveCfg = Release|Any CPU
		{B942D720-874E-4478-AD74-8450E86F40FB}.Release|x86.Build.0 = Release|Any CPU
		{B942D720-874E-4478-AD74-8450E86F40FB}.Release|x86.Deploy.0 = Release|Any CPU
		{71D925DC-2AAF-451D-A9FD-362B64AD6ACC}.Debug|Any CPU.ActiveCfg = Debug|iPhone
		{71D925DC-2AAF-451D-A9FD-362B64AD6ACC}.Debug|Any CPU.Build.0 = Debug|iPhone
		{71D925DC-2AAF-451D-A9FD-362B64AD6ACC}.Debug|Any CPU.Deploy.0 = Debug|iPhone
		{71D925DC-2AAF-451D-A9FD-362B64AD6ACC}.Debug|ARM.ActiveCfg = Debug|iPhoneSimulator
		{71D925DC-2AAF-451D-A9FD-362B64AD6ACC}.Debug|ARM.Build.0 = Debug|iPhoneSimulator
		{71D925DC-2AAF-451D-A9FD-362B64AD6ACC}.Debug|ARM.Deploy.0 = Debug|iPhoneSimulator
		{71D925DC-2AAF-451D-A9FD-362B64AD6ACC}.Debug|iPhone.ActiveCfg = Debug|iPhone
		{71D925DC-2AAF-451D-A9FD-362B64AD6ACC}.Debug|iPhone.Build.0 = Debug|iPhone
		{71D925DC-2AAF-451D-A9FD-362B64AD6ACC}.Debug|iPhone.Deploy.0 = Debug|iPhone
		{71D925DC-2AAF-451D-A9FD-362B64AD6ACC}.Debug|iPhoneSimulator.ActiveCfg = Debug|iPhoneSimulator
		{71D925DC-2AAF-451D-A9FD-362B64AD6ACC}.Debug|iPhoneSimulator.Build.0 = Debug|iPhoneSimulator
		{71D925DC-2AAF-451D-A9FD-362B64AD6ACC}.Debug|iPhoneSimulator.Deploy.0 = Debug|iPhoneSimulator
		{71D925DC-2AAF-451D-A9FD-362B64AD6ACC}.Debug|x64.ActiveCfg = Debug|iPhone
		{71D925DC-2AAF-451D-A9FD-362B64AD6ACC}.Debug|x64.Build.0 = Debug|iPhone
		{71D925DC-2AAF-451D-A9FD-362B64AD6ACC}.Debug|x64.Deploy.0 = Debug|iPhone
		{71D925DC-2AAF-451D-A9FD-362B64AD6ACC}.Debug|x86.ActiveCfg = Debug|iPhone
		{71D925DC-2AAF-451D-A9FD-362B64AD6ACC}.Debug|x86.Build.0 = Debug|iPhone
		{71D925DC-2AAF-451D-A9FD-362B64AD6ACC}.Debug|x86.Deploy.0 = Debug|iPhone
		{71D925DC-2AAF-451D-A9FD-362B64AD6ACC}.Release|Any CPU.ActiveCfg = Release|iPhone
		{71D925DC-2AAF-451D-A9FD-362B64AD6ACC}.Release|Any CPU.Build.0 = Release|iPhone
		{71D925DC-2AAF-451D-A9FD-362B64AD6ACC}.Release|Any CPU.Deploy.0 = Release|iPhone
		{71D925DC-2AAF-451D-A9FD-362B64AD6ACC}.Release|ARM.ActiveCfg = Release|iPhone
		{71D925DC-2AAF-451D-A9FD-362B64AD6ACC}.Release|ARM.Build.0 = Release|iPhone
		{71D925DC-2AAF-451D-A9FD-362B64AD6ACC}.Release|ARM.Deploy.0 = Release|iPhone
		{71D925DC-2AAF-451D-A9FD-362B64AD6ACC}.Release|iPhone.ActiveCfg = Release|iPhone
		{71D925DC-2AAF-451D-A9FD-362B64AD6ACC}.Release|iPhone.Build.0 = Release|iPhone
		{71D925DC-2AAF-451D-A9FD-362B64AD6ACC}.Release|iPhone.Deploy.0 = Release|iPhone
		{71D925DC-2AAF-451D-A9FD-362B64AD6ACC}.Release|iPhoneSimulator.ActiveCfg = Release|iPhoneSimulator
		{71D925DC-2AAF-451D-A9FD-362B64AD6ACC}.Release|iPhoneSimulator.Build.0 = Release|iPhoneSimulator
		{71D925DC-2AAF-451D-A9FD-362B64AD6ACC}.Release|iPhoneSimulator.Deploy.0 = Release|iPhoneSimulator
		{71D925DC-2AAF-451D-A9FD-362B64AD6ACC}.Release|x64.ActiveCfg = Release|iPhone
		{71D925DC-2AAF-451D-A9FD-362B64AD6ACC}.Release|x64.Build.0 = Release|iPhone
		{71D925DC-2AAF-451D-A9FD-362B64AD6ACC}.Release|x64.Deploy.0 = Release|iPhone
		{71D925DC-2AAF-451D-A9FD-362B64AD6ACC}.Release|x86.ActiveCfg = Release|iPhone
		{71D925DC-2AAF-451D-A9FD-362B64AD6ACC}.Release|x86.Build.0 = Release|iPhone
		{71D925DC-2AAF-451D-A9FD-362B64AD6ACC}.Release|x86.Deploy.0 = Release|iPhone
		{77E66F23-36B3-4BAF-9820-C6CD4B13145B}.Debug|Any CPU.ActiveCfg = Debug|Any CPU
		{77E66F23-36B3-4BAF-9820-C6CD4B13145B}.Debug|Any CPU.Build.0 = Debug|Any CPU
		{77E66F23-36B3-4BAF-9820-C6CD4B13145B}.Debug|Any CPU.Deploy.0 = Debug|Any CPU
		{77E66F23-36B3-4BAF-9820-C6CD4B13145B}.Debug|ARM.ActiveCfg = Debug|Any CPU
		{77E66F23-36B3-4BAF-9820-C6CD4B13145B}.Debug|ARM.Build.0 = Debug|Any CPU
		{77E66F23-36B3-4BAF-9820-C6CD4B13145B}.Debug|ARM.Deploy.0 = Debug|Any CPU
		{77E66F23-36B3-4BAF-9820-C6CD4B13145B}.Debug|iPhone.ActiveCfg = Debug|Any CPU
		{77E66F23-36B3-4BAF-9820-C6CD4B13145B}.Debug|iPhone.Build.0 = Debug|Any CPU
		{77E66F23-36B3-4BAF-9820-C6CD4B13145B}.Debug|iPhone.Deploy.0 = Debug|Any CPU
		{77E66F23-36B3-4BAF-9820-C6CD4B13145B}.Debug|iPhoneSimulator.ActiveCfg = Debug|Any CPU
		{77E66F23-36B3-4BAF-9820-C6CD4B13145B}.Debug|iPhoneSimulator.Build.0 = Debug|Any CPU
		{77E66F23-36B3-4BAF-9820-C6CD4B13145B}.Debug|iPhoneSimulator.Deploy.0 = Debug|Any CPU
		{77E66F23-36B3-4BAF-9820-C6CD4B13145B}.Debug|x64.ActiveCfg = Debug|Any CPU
		{77E66F23-36B3-4BAF-9820-C6CD4B13145B}.Debug|x64.Build.0 = Debug|Any CPU
		{77E66F23-36B3-4BAF-9820-C6CD4B13145B}.Debug|x64.Deploy.0 = Debug|Any CPU
		{77E66F23-36B3-4BAF-9820-C6CD4B13145B}.Debug|x86.ActiveCfg = Debug|Any CPU
		{77E66F23-36B3-4BAF-9820-C6CD4B13145B}.Debug|x86.Build.0 = Debug|Any CPU
		{77E66F23-36B3-4BAF-9820-C6CD4B13145B}.Debug|x86.Deploy.0 = Debug|Any CPU
		{77E66F23-36B3-4BAF-9820-C6CD4B13145B}.Release|Any CPU.ActiveCfg = Release|Any CPU
		{77E66F23-36B3-4BAF-9820-C6CD4B13145B}.Release|Any CPU.Build.0 = Release|Any CPU
		{77E66F23-36B3-4BAF-9820-C6CD4B13145B}.Release|Any CPU.Deploy.0 = Release|Any CPU
		{77E66F23-36B3-4BAF-9820-C6CD4B13145B}.Release|ARM.ActiveCfg = Release|Any CPU
		{77E66F23-36B3-4BAF-9820-C6CD4B13145B}.Release|ARM.Build.0 = Release|Any CPU
		{77E66F23-36B3-4BAF-9820-C6CD4B13145B}.Release|ARM.Deploy.0 = Release|Any CPU
		{77E66F23-36B3-4BAF-9820-C6CD4B13145B}.Release|iPhone.ActiveCfg = Release|Any CPU
		{77E66F23-36B3-4BAF-9820-C6CD4B13145B}.Release|iPhone.Build.0 = Release|Any CPU
		{77E66F23-36B3-4BAF-9820-C6CD4B13145B}.Release|iPhone.Deploy.0 = Release|Any CPU
		{77E66F23-36B3-4BAF-9820-C6CD4B13145B}.Release|iPhoneSimulator.ActiveCfg = Release|Any CPU
		{77E66F23-36B3-4BAF-9820-C6CD4B13145B}.Release|iPhoneSimulator.Build.0 = Release|Any CPU
		{77E66F23-36B3-4BAF-9820-C6CD4B13145B}.Release|iPhoneSimulator.Deploy.0 = Release|Any CPU
		{77E66F23-36B3-4BAF-9820-C6CD4B13145B}.Release|x64.ActiveCfg = Release|Any CPU
		{77E66F23-36B3-4BAF-9820-C6CD4B13145B}.Release|x64.Build.0 = Release|Any CPU
		{77E66F23-36B3-4BAF-9820-C6CD4B13145B}.Release|x64.Deploy.0 = Release|Any CPU
		{77E66F23-36B3-4BAF-9820-C6CD4B13145B}.Release|x86.ActiveCfg = Release|Any CPU
		{77E66F23-36B3-4BAF-9820-C6CD4B13145B}.Release|x86.Build.0 = Release|Any CPU
		{77E66F23-36B3-4BAF-9820-C6CD4B13145B}.Release|x86.Deploy.0 = Release|Any CPU
	EndGlobalSection
	GlobalSection(SolutionProperties) = preSolution
		HideSolutionNode = FALSE
	EndGlobalSection
	GlobalSection(ExtensibilityGlobals) = postSolution
		SolutionGuid = {77CE2ACE-AC19-48B4-8D31-DAB3AA3F09D7}
	EndGlobalSection
EndGlobal
