
Microsoft Visual Studio Solution File, Format Version 12.00
# Visual Studio Version 16
VisualStudioVersion = 16.0.29519.87
MinimumVisualStudioVersion = 10.0.40219.1
Project("{FAE04EC0-301F-11D3-BF4B-00C04F79EFBC}") = "Cinemix.UWP", "Cinemix\Cinemix.UWP\Cinemix.UWP.csproj", "{80E75ADF-F124-47D0-8432-709095B7C74A}"
EndProject
Project("{FAE04EC0-301F-11D3-BF4B-00C04F79EFBC}") = "Cinemix.Android", "Cinemix\Cinemix.Android\Cinemix.Android.csproj", "{444769CE-2503-4C49-9DD0-124CF3E2954F}"
EndProject
Project("{FAE04EC0-301F-11D3-BF4B-00C04F79EFBC}") = "Cinemix.iOS", "Cinemix\Cinemix.iOS\Cinemix.iOS.csproj", "{410C9C33-708F-499B-B18D-758AD818852D}"
EndProject
Project("{FAE04EC0-301F-11D3-BF4B-00C04F79EFBC}") = "Cinemix", "Cinemix\Cinemix\Cinemix.csproj", "{B007C601-28B7-4CB5-B55B-89DDD70D47E1}"
EndProject
Global
	GlobalSection(SolutionConfigurationPlatforms) = preSolution
		Debug|Any CPU = Debug|Any CPU
		Debug|ARM = Debug|ARM
		Debug|iPhone = Debug|iPhone
		Debug|iPhoneSimulator = Debug|iPhoneSimulator
		Debug|x64 = Debug|x64
		Debug|x86 = Debug|x86
		Release|Any CPU = Release|Any CPU
		Release|ARM = Release|ARM
		Release|iPhone = Release|iPhone
		Release|iPhoneSimulator = Release|iPhoneSimulator
		Release|x64 = Release|x64
		Release|x86 = Release|x86
	EndGlobalSection
	GlobalSection(ProjectConfigurationPlatforms) = postSolution
		{80E75ADF-F124-47D0-8432-709095B7C74A}.Debug|Any CPU.ActiveCfg = Debug|x86
		{80E75ADF-F124-47D0-8432-709095B7C74A}.Debug|Any CPU.Build.0 = Debug|x86
		{80E75ADF-F124-47D0-8432-709095B7C74A}.Debug|Any CPU.Deploy.0 = Debug|x86
		{80E75ADF-F124-47D0-8432-709095B7C74A}.Debug|ARM.ActiveCfg = Debug|ARM
		{80E75ADF-F124-47D0-8432-709095B7C74A}.Debug|ARM.Build.0 = Debug|ARM
		{80E75ADF-F124-47D0-8432-709095B7C74A}.Debug|ARM.Deploy.0 = Debug|ARM
		{80E75ADF-F124-47D0-8432-709095B7C74A}.Debug|iPhone.ActiveCfg = Debug|x86
		{80E75ADF-F124-47D0-8432-709095B7C74A}.Debug|iPhone.Build.0 = Debug|x86
		{80E75ADF-F124-47D0-8432-709095B7C74A}.Debug|iPhone.Deploy.0 = Debug|x86
		{80E75ADF-F124-47D0-8432-709095B7C74A}.Debug|iPhoneSimulator.ActiveCfg = Debug|x86
		{80E75ADF-F124-47D0-8432-709095B7C74A}.Debug|iPhoneSimulator.Build.0 = Debug|x86
		{80E75ADF-F124-47D0-8432-709095B7C74A}.Debug|iPhoneSimulator.Deploy.0 = Debug|x86
		{80E75ADF-F124-47D0-8432-709095B7C74A}.Debug|x64.ActiveCfg = Debug|x64
		{80E75ADF-F124-47D0-8432-709095B7C74A}.Debug|x64.Build.0 = Debug|x64
		{80E75ADF-F124-47D0-8432-709095B7C74A}.Debug|x64.Deploy.0 = Debug|x64
		{80E75ADF-F124-47D0-8432-709095B7C74A}.Debug|x86.ActiveCfg = Debug|x86
		{80E75ADF-F124-47D0-8432-709095B7C74A}.Debug|x86.Build.0 = Debug|x86
		{80E75ADF-F124-47D0-8432-709095B7C74A}.Debug|x86.Deploy.0 = Debug|x86
		{80E75ADF-F124-47D0-8432-709095B7C74A}.Release|Any CPU.ActiveCfg = Release|x86
		{80E75ADF-F124-47D0-8432-709095B7C74A}.Release|Any CPU.Build.0 = Release|x86
		{80E75ADF-F124-47D0-8432-709095B7C74A}.Release|Any CPU.Deploy.0 = Release|x86
		{80E75ADF-F124-47D0-8432-709095B7C74A}.Release|ARM.ActiveCfg = Release|ARM
		{80E75ADF-F124-47D0-8432-709095B7C74A}.Release|ARM.Build.0 = Release|ARM
		{80E75ADF-F124-47D0-8432-709095B7C74A}.Release|ARM.Deploy.0 = Release|ARM
		{80E75ADF-F124-47D0-8432-709095B7C74A}.Release|iPhone.ActiveCfg = Release|x86
		{80E75ADF-F124-47D0-8432-709095B7C74A}.Release|iPhone.Build.0 = Release|x86
		{80E75ADF-F124-47D0-8432-709095B7C74A}.Release|iPhone.Deploy.0 = Release|x86
		{80E75ADF-F124-47D0-8432-709095B7C74A}.Release|iPhoneSimulator.ActiveCfg = Release|x86
		{80E75ADF-F124-47D0-8432-709095B7C74A}.Release|iPhoneSimulator.Build.0 = Release|x86
		{80E75ADF-F124-47D0-8432-709095B7C74A}.Release|iPhoneSimulator.Deploy.0 = Release|x86
		{80E75ADF-F124-47D0-8432-709095B7C74A}.Release|x64.ActiveCfg = Release|x64
		{80E75ADF-F124-47D0-8432-709095B7C74A}.Release|x64.Build.0 = Release|x64
		{80E75ADF-F124-47D0-8432-709095B7C74A}.Release|x64.Deploy.0 = Release|x64
		{80E75ADF-F124-47D0-8432-709095B7C74A}.Release|x86.ActiveCfg = Release|x86
		{80E75ADF-F124-47D0-8432-709095B7C74A}.Release|x86.Build.0 = Release|x86
		{80E75ADF-F124-47D0-8432-709095B7C74A}.Release|x86.Deploy.0 = Release|x86
		{444769CE-2503-4C49-9DD0-124CF3E2954F}.Debug|Any CPU.ActiveCfg = Debug|Any CPU
		{444769CE-2503-4C49-9DD0-124CF3E2954F}.Debug|Any CPU.Build.0 = Debug|Any CPU
		{444769CE-2503-4C49-9DD0-124CF3E2954F}.Debug|Any CPU.Deploy.0 = Debug|Any CPU
		{444769CE-2503-4C49-9DD0-124CF3E2954F}.Debug|ARM.ActiveCfg = Debug|Any CPU
		{444769CE-2503-4C49-9DD0-124CF3E2954F}.Debug|ARM.Build.0 = Debug|Any CPU
		{444769CE-2503-4C49-9DD0-124CF3E2954F}.Debug|ARM.Deploy.0 = Debug|Any CPU
		{444769CE-2503-4C49-9DD0-124CF3E2954F}.Debug|iPhone.ActiveCfg = Debug|Any CPU
		{444769CE-2503-4C49-9DD0-124CF3E2954F}.Debug|iPhone.Build.0 = Debug|Any CPU
		{444769CE-2503-4C49-9DD0-124CF3E2954F}.Debug|iPhone.Deploy.0 = Debug|Any CPU
		{444769CE-2503-4C49-9DD0-124CF3E2954F}.Debug|iPhoneSimulator.ActiveCfg = Debug|Any CPU
		{444769CE-2503-4C49-9DD0-124CF3E2954F}.Debug|iPhoneSimulator.Build.0 = Debug|Any CPU
		{444769CE-2503-4C49-9DD0-124CF3E2954F}.Debug|iPhoneSimulator.Deploy.0 = Debug|Any CPU
		{444769CE-2503-4C49-9DD0-124CF3E2954F}.Debug|x64.ActiveCfg = Debug|Any CPU
		{444769CE-2503-4C49-9DD0-124CF3E2954F}.Debug|x64.Build.0 = Debug|Any CPU
		{444769CE-2503-4C49-9DD0-124CF3E2954F}.Debug|x64.Deploy.0 = Debug|Any CPU
		{444769CE-2503-4C49-9DD0-124CF3E2954F}.Debug|x86.ActiveCfg = Debug|Any CPU
		{444769CE-2503-4C49-9DD0-124CF3E2954F}.Debug|x86.Build.0 = Debug|Any CPU
		{444769CE-2503-4C49-9DD0-124CF3E2954F}.Debug|x86.Deploy.0 = Debug|Any CPU
		{444769CE-2503-4C49-9DD0-124CF3E2954F}.Release|Any CPU.ActiveCfg = Release|Any CPU
		{444769CE-2503-4C49-9DD0-124CF3E2954F}.Release|Any CPU.Build.0 = Release|Any CPU
		{444769CE-2503-4C49-9DD0-124CF3E2954F}.Release|Any CPU.Deploy.0 = Release|Any CPU
		{444769CE-2503-4C49-9DD0-124CF3E2954F}.Release|ARM.ActiveCfg = Release|Any CPU
		{444769CE-2503-4C49-9DD0-124CF3E2954F}.Release|ARM.Build.0 = Release|Any CPU
		{444769CE-2503-4C49-9DD0-124CF3E2954F}.Release|ARM.Deploy.0 = Release|Any CPU
		{444769CE-2503-4C49-9DD0-124CF3E2954F}.Release|iPhone.ActiveCfg = Release|Any CPU
		{444769CE-2503-4C49-9DD0-124CF3E2954F}.Release|iPhone.Build.0 = Release|Any CPU
		{444769CE-2503-4C49-9DD0-124CF3E2954F}.Release|iPhone.Deploy.0 = Release|Any CPU
		{444769CE-2503-4C49-9DD0-124CF3E2954F}.Release|iPhoneSimulator.ActiveCfg = Release|Any CPU
		{444769CE-2503-4C49-9DD0-124CF3E2954F}.Release|iPhoneSimulator.Build.0 = Release|Any CPU
		{444769CE-2503-4C49-9DD0-124CF3E2954F}.Release|iPhoneSimulator.Deploy.0 = Release|Any CPU
		{444769CE-2503-4C49-9DD0-124CF3E2954F}.Release|x64.ActiveCfg = Release|Any CPU
		{444769CE-2503-4C49-9DD0-124CF3E2954F}.Release|x64.Build.0 = Release|Any CPU
		{444769CE-2503-4C49-9DD0-124CF3E2954F}.Release|x64.Deploy.0 = Release|Any CPU
		{444769CE-2503-4C49-9DD0-124CF3E2954F}.Release|x86.ActiveCfg = Release|Any CPU
		{444769CE-2503-4C49-9DD0-124CF3E2954F}.Release|x86.Build.0 = Release|Any CPU
		{444769CE-2503-4C49-9DD0-124CF3E2954F}.Release|x86.Deploy.0 = Release|Any CPU
		{410C9C33-708F-499B-B18D-758AD818852D}.Debug|Any CPU.ActiveCfg = Debug|iPhone
		{410C9C33-708F-499B-B18D-758AD818852D}.Debug|Any CPU.Build.0 = Debug|iPhone
		{410C9C33-708F-499B-B18D-758AD818852D}.Debug|Any CPU.Deploy.0 = Debug|iPhone
		{410C9C33-708F-499B-B18D-758AD818852D}.Debug|ARM.ActiveCfg = Debug|iPhoneSimulator
		{410C9C33-708F-499B-B18D-758AD818852D}.Debug|ARM.Build.0 = Debug|iPhoneSimulator
		{410C9C33-708F-499B-B18D-758AD818852D}.Debug|ARM.Deploy.0 = Debug|iPhoneSimulator
		{410C9C33-708F-499B-B18D-758AD818852D}.Debug|iPhone.ActiveCfg = Debug|iPhone
		{410C9C33-708F-499B-B18D-758AD818852D}.Debug|iPhone.Build.0 = Debug|iPhone
		{410C9C33-708F-499B-B18D-758AD818852D}.Debug|iPhone.Deploy.0 = Debug|iPhone
		{410C9C33-708F-499B-B18D-758AD818852D}.Debug|iPhoneSimulator.ActiveCfg = Debug|iPhoneSimulator
		{410C9C33-708F-499B-B18D-758AD818852D}.Debug|iPhoneSimulator.Build.0 = Debug|iPhoneSimulator
		{410C9C33-708F-499B-B18D-758AD818852D}.Debug|iPhoneSimulator.Deploy.0 = Debug|iPhoneSimulator
		{410C9C33-708F-499B-B18D-758AD818852D}.Debug|x64.ActiveCfg = Debug|iPhone
		{410C9C33-708F-499B-B18D-758AD818852D}.Debug|x64.Build.0 = Debug|iPhone
		{410C9C33-708F-499B-B18D-758AD818852D}.Debug|x64.Deploy.0 = Debug|iPhone
		{410C9C33-708F-499B-B18D-758AD818852D}.Debug|x86.ActiveCfg = Debug|iPhone
		{410C9C33-708F-499B-B18D-758AD818852D}.Debug|x86.Build.0 = Debug|iPhone
		{410C9C33-708F-499B-B18D-758AD818852D}.Debug|x86.Deploy.0 = Debug|iPhone
		{410C9C33-708F-499B-B18D-758AD818852D}.Release|Any CPU.ActiveCfg = Release|iPhone
		{410C9C33-708F-499B-B18D-758AD818852D}.Release|Any CPU.Build.0 = Release|iPhone
		{410C9C33-708F-499B-B18D-758AD818852D}.Release|Any CPU.Deploy.0 = Release|iPhone
		{410C9C33-708F-499B-B18D-758AD818852D}.Release|ARM.ActiveCfg = Release|iPhone
		{410C9C33-708F-499B-B18D-758AD818852D}.Release|ARM.Build.0 = Release|iPhone
		{410C9C33-708F-499B-B18D-758AD818852D}.Release|ARM.Deploy.0 = Release|iPhone
		{410C9C33-708F-499B-B18D-758AD818852D}.Release|iPhone.ActiveCfg = Release|iPhone
		{410C9C33-708F-499B-B18D-758AD818852D}.Release|iPhone.Build.0 = Release|iPhone
		{410C9C33-708F-499B-B18D-758AD818852D}.Release|iPhone.Deploy.0 = Release|iPhone
		{410C9C33-708F-499B-B18D-758AD818852D}.Release|iPhoneSimulator.ActiveCfg = Release|iPhoneSimulator
		{410C9C33-708F-499B-B18D-758AD818852D}.Release|iPhoneSimulator.Build.0 = Release|iPhoneSimulator
		{410C9C33-708F-499B-B18D-758AD818852D}.Release|iPhoneSimulator.Deploy.0 = Release|iPhoneSimulator
		{410C9C33-708F-499B-B18D-758AD818852D}.Release|x64.ActiveCfg = Release|iPhone
		{410C9C33-708F-499B-B18D-758AD818852D}.Release|x64.Build.0 = Release|iPhone
		{410C9C33-708F-499B-B18D-758AD818852D}.Release|x64.Deploy.0 = Release|iPhone
		{410C9C33-708F-499B-B18D-758AD818852D}.Release|x86.ActiveCfg = Release|iPhone
		{410C9C33-708F-499B-B18D-758AD818852D}.Release|x86.Build.0 = Release|iPhone
		{410C9C33-708F-499B-B18D-758AD818852D}.Release|x86.Deploy.0 = Release|iPhone
		{B007C601-28B7-4CB5-B55B-89DDD70D47E1}.Debug|Any CPU.ActiveCfg = Debug|Any CPU
		{B007C601-28B7-4CB5-B55B-89DDD70D47E1}.Debug|Any CPU.Build.0 = Debug|Any CPU
		{B007C601-28B7-4CB5-B55B-89DDD70D47E1}.Debug|Any CPU.Deploy.0 = Debug|Any CPU
		{B007C601-28B7-4CB5-B55B-89DDD70D47E1}.Debug|ARM.ActiveCfg = Debug|Any CPU
		{B007C601-28B7-4CB5-B55B-89DDD70D47E1}.Debug|ARM.Build.0 = Debug|Any CPU
		{B007C601-28B7-4CB5-B55B-89DDD70D47E1}.Debug|ARM.Deploy.0 = Debug|Any CPU
		{B007C601-28B7-4CB5-B55B-89DDD70D47E1}.Debug|iPhone.ActiveCfg = Debug|Any CPU
		{B007C601-28B7-4CB5-B55B-89DDD70D47E1}.Debug|iPhone.Build.0 = Debug|Any CPU
		{B007C601-28B7-4CB5-B55B-89DDD70D47E1}.Debug|iPhone.Deploy.0 = Debug|Any CPU
		{B007C601-28B7-4CB5-B55B-89DDD70D47E1}.Debug|iPhoneSimulator.ActiveCfg = Debug|Any CPU
		{B007C601-28B7-4CB5-B55B-89DDD70D47E1}.Debug|iPhoneSimulator.Build.0 = Debug|Any CPU
		{B007C601-28B7-4CB5-B55B-89DDD70D47E1}.Debug|iPhoneSimulator.Deploy.0 = Debug|Any CPU
		{B007C601-28B7-4CB5-B55B-89DDD70D47E1}.Debug|x64.ActiveCfg = Debug|Any CPU
		{B007C601-28B7-4CB5-B55B-89DDD70D47E1}.Debug|x64.Build.0 = Debug|Any CPU
		{B007C601-28B7-4CB5-B55B-89DDD70D47E1}.Debug|x64.Deploy.0 = Debug|Any CPU
		{B007C601-28B7-4CB5-B55B-89DDD70D47E1}.Debug|x86.ActiveCfg = Debug|Any CPU
		{B007C601-28B7-4CB5-B55B-89DDD70D47E1}.Debug|x86.Build.0 = Debug|Any CPU
		{B007C601-28B7-4CB5-B55B-89DDD70D47E1}.Debug|x86.Deploy.0 = Debug|Any CPU
		{B007C601-28B7-4CB5-B55B-89DDD70D47E1}.Release|Any CPU.ActiveCfg = Release|Any CPU
		{B007C601-28B7-4CB5-B55B-89DDD70D47E1}.Release|Any CPU.Build.0 = Release|Any CPU
		{B007C601-28B7-4CB5-B55B-89DDD70D47E1}.Release|Any CPU.Deploy.0 = Release|Any CPU
		{B007C601-28B7-4CB5-B55B-89DDD70D47E1}.Release|ARM.ActiveCfg = Release|Any CPU
		{B007C601-28B7-4CB5-B55B-89DDD70D47E1}.Release|ARM.Build.0 = Release|Any CPU
		{B007C601-28B7-4CB5-B55B-89DDD70D47E1}.Release|ARM.Deploy.0 = Release|Any CPU
		{B007C601-28B7-4CB5-B55B-89DDD70D47E1}.Release|iPhone.ActiveCfg = Release|Any CPU
		{B007C601-28B7-4CB5-B55B-89DDD70D47E1}.Release|iPhone.Build.0 = Release|Any CPU
		{B007C601-28B7-4CB5-B55B-89DDD70D47E1}.Release|iPhone.Deploy.0 = Release|Any CPU
		{B007C601-28B7-4CB5-B55B-89DDD70D47E1}.Release|iPhoneSimulator.ActiveCfg = Release|Any CPU
		{B007C601-28B7-4CB5-B55B-89DDD70D47E1}.Release|iPhoneSimulator.Build.0 = Release|Any CPU
		{B007C601-28B7-4CB5-B55B-89DDD70D47E1}.Release|iPhoneSimulator.Deploy.0 = Release|Any CPU
		{B007C601-28B7-4CB5-B55B-89DDD70D47E1}.Release|x64.ActiveCfg = Release|Any CPU
		{B007C601-28B7-4CB5-B55B-89DDD70D47E1}.Release|x64.Build.0 = Release|Any CPU
		{B007C601-28B7-4CB5-B55B-89DDD70D47E1}.Release|x64.Deploy.0 = Release|Any CPU
		{B007C601-28B7-4CB5-B55B-89DDD70D47E1}.Release|x86.ActiveCfg = Release|Any CPU
		{B007C601-28B7-4CB5-B55B-89DDD70D47E1}.Release|x86.Build.0 = Release|Any CPU
		{B007C601-28B7-4CB5-B55B-89DDD70D47E1}.Release|x86.Deploy.0 = Release|Any CPU
	EndGlobalSection
	GlobalSection(SolutionProperties) = preSolution
		HideSolutionNode = FALSE
	EndGlobalSection
	GlobalSection(ExtensibilityGlobals) = postSolution
		SolutionGuid = {2EB09D2C-F2AA-40BF-9C95-D10FAA648BCA}
	EndGlobalSection
EndGlobal
