
Microsoft Visual Studio Solution File, Format Version 12.00
# Visual Studio Version 16
VisualStudioVersion = 16.0.29519.87
MinimumVisualStudioVersion = 10.0.40219.1
Project("{FAE04EC0-301F-11D3-BF4B-00C04F79EFBC}") = "ControleXF.UWP", "App01_ControleXF\App01_ControleXF.UWP\ControleXF.UWP.csproj", "{C911DADB-8D88-41EE-9829-E31554242891}"
EndProject
Project("{FAE04EC0-301F-11D3-BF4B-00C04F79EFBC}") = "ControleXF.Android", "App01_ControleXF\App01_ControleXF.Android\ControleXF.Android.csproj", "{B53D12C7-3A4A-4279-8057-CCAF90FF8C77}"
EndProject
Project("{FAE04EC0-301F-11D3-BF4B-00C04F79EFBC}") = "ControleXF.iOS", "App01_ControleXF\App01_ControleXF.iOS\ControleXF.iOS.csproj", "{26BDF583-4492-4385-9ABD-A9029D9124F3}"
EndProject
Project("{9A19103F-16F7-4668-BE54-9A1E7A4F7556}") = "ControleXF", "App01_ControleXF\App01_ControleXF\ControleXF.csproj", "{0F82B072-72DA-483D-9F92-53CDF5592872}"
EndProject
Global
	GlobalSection(SolutionConfigurationPlatforms) = preSolution
		Debug|Any CPU = Debug|Any CPU
		Debug|ARM = Debug|ARM
		Debug|iPhone = Debug|iPhone
		Debug|iPhoneSimulator = Debug|iPhoneSimulator
		Debug|x64 = Debug|x64
		Debug|x86 = Debug|x86
		Release|Any CPU = Release|Any CPU
		Release|ARM = Release|ARM
		Release|iPhone = Release|iPhone
		Release|iPhoneSimulator = Release|iPhoneSimulator
		Release|x64 = Release|x64
		Release|x86 = Release|x86
	EndGlobalSection
	GlobalSection(ProjectConfigurationPlatforms) = postSolution
		{C911DADB-8D88-41EE-9829-E31554242891}.Debug|Any CPU.ActiveCfg = Debug|x86
		{C911DADB-8D88-41EE-9829-E31554242891}.Debug|Any CPU.Build.0 = Debug|x86
		{C911DADB-8D88-41EE-9829-E31554242891}.Debug|Any CPU.Deploy.0 = Debug|x86
		{C911DADB-8D88-41EE-9829-E31554242891}.Debug|ARM.ActiveCfg = Debug|ARM
		{C911DADB-8D88-41EE-9829-E31554242891}.Debug|ARM.Build.0 = Debug|ARM
		{C911DADB-8D88-41EE-9829-E31554242891}.Debug|ARM.Deploy.0 = Debug|ARM
		{C911DADB-8D88-41EE-9829-E31554242891}.Debug|iPhone.ActiveCfg = Debug|x86
		{C911DADB-8D88-41EE-9829-E31554242891}.Debug|iPhone.Build.0 = Debug|x86
		{C911DADB-8D88-41EE-9829-E31554242891}.Debug|iPhone.Deploy.0 = Debug|x86
		{C911DADB-8D88-41EE-9829-E31554242891}.Debug|iPhoneSimulator.ActiveCfg = Debug|x86
		{C911DADB-8D88-41EE-9829-E31554242891}.Debug|iPhoneSimulator.Build.0 = Debug|x86
		{C911DADB-8D88-41EE-9829-E31554242891}.Debug|iPhoneSimulator.Deploy.0 = Debug|x86
		{C911DADB-8D88-41EE-9829-E31554242891}.Debug|x64.ActiveCfg = Debug|x64
		{C911DADB-8D88-41EE-9829-E31554242891}.Debug|x64.Build.0 = Debug|x64
		{C911DADB-8D88-41EE-9829-E31554242891}.Debug|x64.Deploy.0 = Debug|x64
		{C911DADB-8D88-41EE-9829-E31554242891}.Debug|x86.ActiveCfg = Debug|x86
		{C911DADB-8D88-41EE-9829-E31554242891}.Debug|x86.Build.0 = Debug|x86
		{C911DADB-8D88-41EE-9829-E31554242891}.Debug|x86.Deploy.0 = Debug|x86
		{C911DADB-8D88-41EE-9829-E31554242891}.Release|Any CPU.ActiveCfg = Release|x86
		{C911DADB-8D88-41EE-9829-E31554242891}.Release|Any CPU.Build.0 = Release|x86
		{C911DADB-8D88-41EE-9829-E31554242891}.Release|Any CPU.Deploy.0 = Release|x86
		{C911DADB-8D88-41EE-9829-E31554242891}.Release|ARM.ActiveCfg = Release|ARM
		{C911DADB-8D88-41EE-9829-E31554242891}.Release|ARM.Build.0 = Release|ARM
		{C911DADB-8D88-41EE-9829-E31554242891}.Release|ARM.Deploy.0 = Release|ARM
		{C911DADB-8D88-41EE-9829-E31554242891}.Release|iPhone.ActiveCfg = Release|x86
		{C911DADB-8D88-41EE-9829-E31554242891}.Release|iPhone.Build.0 = Release|x86
		{C911DADB-8D88-41EE-9829-E31554242891}.Release|iPhone.Deploy.0 = Release|x86
		{C911DADB-8D88-41EE-9829-E31554242891}.Release|iPhoneSimulator.ActiveCfg = Release|x86
		{C911DADB-8D88-41EE-9829-E31554242891}.Release|iPhoneSimulator.Build.0 = Release|x86
		{C911DADB-8D88-41EE-9829-E31554242891}.Release|iPhoneSimulator.Deploy.0 = Release|x86
		{C911DADB-8D88-41EE-9829-E31554242891}.Release|x64.ActiveCfg = Release|x64
		{C911DADB-8D88-41EE-9829-E31554242891}.Release|x64.Build.0 = Release|x64
		{C911DADB-8D88-41EE-9829-E31554242891}.Release|x64.Deploy.0 = Release|x64
		{C911DADB-8D88-41EE-9829-E31554242891}.Release|x86.ActiveCfg = Release|x86
		{C911DADB-8D88-41EE-9829-E31554242891}.Release|x86.Build.0 = Release|x86
		{C911DADB-8D88-41EE-9829-E31554242891}.Release|x86.Deploy.0 = Release|x86
		{B53D12C7-3A4A-4279-8057-CCAF90FF8C77}.Debug|Any CPU.ActiveCfg = Debug|Any CPU
		{B53D12C7-3A4A-4279-8057-CCAF90FF8C77}.Debug|Any CPU.Build.0 = Debug|Any CPU
		{B53D12C7-3A4A-4279-8057-CCAF90FF8C77}.Debug|Any CPU.Deploy.0 = Debug|Any CPU
		{B53D12C7-3A4A-4279-8057-CCAF90FF8C77}.Debug|ARM.ActiveCfg = Debug|Any CPU
		{B53D12C7-3A4A-4279-8057-CCAF90FF8C77}.Debug|ARM.Build.0 = Debug|Any CPU
		{B53D12C7-3A4A-4279-8057-CCAF90FF8C77}.Debug|ARM.Deploy.0 = Debug|Any CPU
		{B53D12C7-3A4A-4279-8057-CCAF90FF8C77}.Debug|iPhone.ActiveCfg = Debug|Any CPU
		{B53D12C7-3A4A-4279-8057-CCAF90FF8C77}.Debug|iPhone.Build.0 = Debug|Any CPU
		{B53D12C7-3A4A-4279-8057-CCAF90FF8C77}.Debug|iPhone.Deploy.0 = Debug|Any CPU
		{B53D12C7-3A4A-4279-8057-CCAF90FF8C77}.Debug|iPhoneSimulator.ActiveCfg = Debug|Any CPU
		{B53D12C7-3A4A-4279-8057-CCAF90FF8C77}.Debug|iPhoneSimulator.Build.0 = Debug|Any CPU
		{B53D12C7-3A4A-4279-8057-CCAF90FF8C77}.Debug|iPhoneSimulator.Deploy.0 = Debug|Any CPU
		{B53D12C7-3A4A-4279-8057-CCAF90FF8C77}.Debug|x64.ActiveCfg = Debug|Any CPU
		{B53D12C7-3A4A-4279-8057-CCAF90FF8C77}.Debug|x64.Build.0 = Debug|Any CPU
		{B53D12C7-3A4A-4279-8057-CCAF90FF8C77}.Debug|x64.Deploy.0 = Debug|Any CPU
		{B53D12C7-3A4A-4279-8057-CCAF90FF8C77}.Debug|x86.ActiveCfg = Debug|Any CPU
		{B53D12C7-3A4A-4279-8057-CCAF90FF8C77}.Debug|x86.Build.0 = Debug|Any CPU
		{B53D12C7-3A4A-4279-8057-CCAF90FF8C77}.Debug|x86.Deploy.0 = Debug|Any CPU
		{B53D12C7-3A4A-4279-8057-CCAF90FF8C77}.Release|Any CPU.ActiveCfg = Release|Any CPU
		{B53D12C7-3A4A-4279-8057-CCAF90FF8C77}.Release|Any CPU.Build.0 = Release|Any CPU
		{B53D12C7-3A4A-4279-8057-CCAF90FF8C77}.Release|Any CPU.Deploy.0 = Release|Any CPU
		{B53D12C7-3A4A-4279-8057-CCAF90FF8C77}.Release|ARM.ActiveCfg = Release|Any CPU
		{B53D12C7-3A4A-4279-8057-CCAF90FF8C77}.Release|ARM.Build.0 = Release|Any CPU
		{B53D12C7-3A4A-4279-8057-CCAF90FF8C77}.Release|ARM.Deploy.0 = Release|Any CPU
		{B53D12C7-3A4A-4279-8057-CCAF90FF8C77}.Release|iPhone.ActiveCfg = Release|Any CPU
		{B53D12C7-3A4A-4279-8057-CCAF90FF8C77}.Release|iPhone.Build.0 = Release|Any CPU
		{B53D12C7-3A4A-4279-8057-CCAF90FF8C77}.Release|iPhone.Deploy.0 = Release|Any CPU
		{B53D12C7-3A4A-4279-8057-CCAF90FF8C77}.Release|iPhoneSimulator.ActiveCfg = Release|Any CPU
		{B53D12C7-3A4A-4279-8057-CCAF90FF8C77}.Release|iPhoneSimulator.Build.0 = Release|Any CPU
		{B53D12C7-3A4A-4279-8057-CCAF90FF8C77}.Release|iPhoneSimulator.Deploy.0 = Release|Any CPU
		{B53D12C7-3A4A-4279-8057-CCAF90FF8C77}.Release|x64.ActiveCfg = Release|Any CPU
		{B53D12C7-3A4A-4279-8057-CCAF90FF8C77}.Release|x64.Build.0 = Release|Any CPU
		{B53D12C7-3A4A-4279-8057-CCAF90FF8C77}.Release|x64.Deploy.0 = Release|Any CPU
		{B53D12C7-3A4A-4279-8057-CCAF90FF8C77}.Release|x86.ActiveCfg = Release|Any CPU
		{B53D12C7-3A4A-4279-8057-CCAF90FF8C77}.Release|x86.Build.0 = Release|Any CPU
		{B53D12C7-3A4A-4279-8057-CCAF90FF8C77}.Release|x86.Deploy.0 = Release|Any CPU
		{26BDF583-4492-4385-9ABD-A9029D9124F3}.Debug|Any CPU.ActiveCfg = Debug|iPhone
		{26BDF583-4492-4385-9ABD-A9029D9124F3}.Debug|Any CPU.Build.0 = Debug|iPhone
		{26BDF583-4492-4385-9ABD-A9029D9124F3}.Debug|Any CPU.Deploy.0 = Debug|iPhone
		{26BDF583-4492-4385-9ABD-A9029D9124F3}.Debug|ARM.ActiveCfg = Debug|iPhoneSimulator
		{26BDF583-4492-4385-9ABD-A9029D9124F3}.Debug|ARM.Build.0 = Debug|iPhoneSimulator
		{26BDF583-4492-4385-9ABD-A9029D9124F3}.Debug|ARM.Deploy.0 = Debug|iPhoneSimulator
		{26BDF583-4492-4385-9ABD-A9029D9124F3}.Debug|iPhone.ActiveCfg = Debug|iPhone
		{26BDF583-4492-4385-9ABD-A9029D9124F3}.Debug|iPhone.Build.0 = Debug|iPhone
		{26BDF583-4492-4385-9ABD-A9029D9124F3}.Debug|iPhone.Deploy.0 = Debug|iPhone
		{26BDF583-4492-4385-9ABD-A9029D9124F3}.Debug|iPhoneSimulator.ActiveCfg = Debug|iPhoneSimulator
		{26BDF583-4492-4385-9ABD-A9029D9124F3}.Debug|iPhoneSimulator.Build.0 = Debug|iPhoneSimulator
		{26BDF583-4492-4385-9ABD-A9029D9124F3}.Debug|iPhoneSimulator.Deploy.0 = Debug|iPhoneSimulator
		{26BDF583-4492-4385-9ABD-A9029D9124F3}.Debug|x64.ActiveCfg = Debug|iPhone
		{26BDF583-4492-4385-9ABD-A9029D9124F3}.Debug|x64.Build.0 = Debug|iPhone
		{26BDF583-4492-4385-9ABD-A9029D9124F3}.Debug|x64.Deploy.0 = Debug|iPhone
		{26BDF583-4492-4385-9ABD-A9029D9124F3}.Debug|x86.ActiveCfg = Debug|iPhone
		{26BDF583-4492-4385-9ABD-A9029D9124F3}.Debug|x86.Build.0 = Debug|iPhone
		{26BDF583-4492-4385-9ABD-A9029D9124F3}.Debug|x86.Deploy.0 = Debug|iPhone
		{26BDF583-4492-4385-9ABD-A9029D9124F3}.Release|Any CPU.ActiveCfg = Release|iPhone
		{26BDF583-4492-4385-9ABD-A9029D9124F3}.Release|Any CPU.Build.0 = Release|iPhone
		{26BDF583-4492-4385-9ABD-A9029D9124F3}.Release|Any CPU.Deploy.0 = Release|iPhone
		{26BDF583-4492-4385-9ABD-A9029D9124F3}.Release|ARM.ActiveCfg = Release|iPhone
		{26BDF583-4492-4385-9ABD-A9029D9124F3}.Release|ARM.Build.0 = Release|iPhone
		{26BDF583-4492-4385-9ABD-A9029D9124F3}.Release|ARM.Deploy.0 = Release|iPhone
		{26BDF583-4492-4385-9ABD-A9029D9124F3}.Release|iPhone.ActiveCfg = Release|iPhone
		{26BDF583-4492-4385-9ABD-A9029D9124F3}.Release|iPhone.Build.0 = Release|iPhone
		{26BDF583-4492-4385-9ABD-A9029D9124F3}.Release|iPhone.Deploy.0 = Release|iPhone
		{26BDF583-4492-4385-9ABD-A9029D9124F3}.Release|iPhoneSimulator.ActiveCfg = Release|iPhoneSimulator
		{26BDF583-4492-4385-9ABD-A9029D9124F3}.Release|iPhoneSimulator.Build.0 = Release|iPhoneSimulator
		{26BDF583-4492-4385-9ABD-A9029D9124F3}.Release|iPhoneSimulator.Deploy.0 = Release|iPhoneSimulator
		{26BDF583-4492-4385-9ABD-A9029D9124F3}.Release|x64.ActiveCfg = Release|iPhone
		{26BDF583-4492-4385-9ABD-A9029D9124F3}.Release|x64.Build.0 = Release|iPhone
		{26BDF583-4492-4385-9ABD-A9029D9124F3}.Release|x64.Deploy.0 = Release|iPhone
		{26BDF583-4492-4385-9ABD-A9029D9124F3}.Release|x86.ActiveCfg = Release|iPhone
		{26BDF583-4492-4385-9ABD-A9029D9124F3}.Release|x86.Build.0 = Release|iPhone
		{26BDF583-4492-4385-9ABD-A9029D9124F3}.Release|x86.Deploy.0 = Release|iPhone
		{0F82B072-72DA-483D-9F92-53CDF5592872}.Debug|Any CPU.ActiveCfg = Debug|Any CPU
		{0F82B072-72DA-483D-9F92-53CDF5592872}.Debug|Any CPU.Build.0 = Debug|Any CPU
		{0F82B072-72DA-483D-9F92-53CDF5592872}.Debug|Any CPU.Deploy.0 = Debug|Any CPU
		{0F82B072-72DA-483D-9F92-53CDF5592872}.Debug|ARM.ActiveCfg = Debug|Any CPU
		{0F82B072-72DA-483D-9F92-53CDF5592872}.Debug|ARM.Build.0 = Debug|Any CPU
		{0F82B072-72DA-483D-9F92-53CDF5592872}.Debug|ARM.Deploy.0 = Debug|Any CPU
		{0F82B072-72DA-483D-9F92-53CDF5592872}.Debug|iPhone.ActiveCfg = Debug|Any CPU
		{0F82B072-72DA-483D-9F92-53CDF5592872}.Debug|iPhone.Build.0 = Debug|Any CPU
		{0F82B072-72DA-483D-9F92-53CDF5592872}.Debug|iPhone.Deploy.0 = Debug|Any CPU
		{0F82B072-72DA-483D-9F92-53CDF5592872}.Debug|iPhoneSimulator.ActiveCfg = Debug|Any CPU
		{0F82B072-72DA-483D-9F92-53CDF5592872}.Debug|iPhoneSimulator.Build.0 = Debug|Any CPU
		{0F82B072-72DA-483D-9F92-53CDF5592872}.Debug|iPhoneSimulator.Deploy.0 = Debug|Any CPU
		{0F82B072-72DA-483D-9F92-53CDF5592872}.Debug|x64.ActiveCfg = Debug|Any CPU
		{0F82B072-72DA-483D-9F92-53CDF5592872}.Debug|x64.Build.0 = Debug|Any CPU
		{0F82B072-72DA-483D-9F92-53CDF5592872}.Debug|x64.Deploy.0 = Debug|Any CPU
		{0F82B072-72DA-483D-9F92-53CDF5592872}.Debug|x86.ActiveCfg = Debug|Any CPU
		{0F82B072-72DA-483D-9F92-53CDF5592872}.Debug|x86.Build.0 = Debug|Any CPU
		{0F82B072-72DA-483D-9F92-53CDF5592872}.Debug|x86.Deploy.0 = Debug|Any CPU
		{0F82B072-72DA-483D-9F92-53CDF5592872}.Release|Any CPU.ActiveCfg = Release|Any CPU
		{0F82B072-72DA-483D-9F92-53CDF5592872}.Release|Any CPU.Build.0 = Release|Any CPU
		{0F82B072-72DA-483D-9F92-53CDF5592872}.Release|Any CPU.Deploy.0 = Release|Any CPU
		{0F82B072-72DA-483D-9F92-53CDF5592872}.Release|ARM.ActiveCfg = Release|Any CPU
		{0F82B072-72DA-483D-9F92-53CDF5592872}.Release|ARM.Build.0 = Release|Any CPU
		{0F82B072-72DA-483D-9F92-53CDF5592872}.Release|ARM.Deploy.0 = Release|Any CPU
		{0F82B072-72DA-483D-9F92-53CDF5592872}.Release|iPhone.ActiveCfg = Release|Any CPU
		{0F82B072-72DA-483D-9F92-53CDF5592872}.Release|iPhone.Build.0 = Release|Any CPU
		{0F82B072-72DA-483D-9F92-53CDF5592872}.Release|iPhone.Deploy.0 = Release|Any CPU
		{0F82B072-72DA-483D-9F92-53CDF5592872}.Release|iPhoneSimulator.ActiveCfg = Release|Any CPU
		{0F82B072-72DA-483D-9F92-53CDF5592872}.Release|iPhoneSimulator.Build.0 = Release|Any CPU
		{0F82B072-72DA-483D-9F92-53CDF5592872}.Release|iPhoneSimulator.Deploy.0 = Release|Any CPU
		{0F82B072-72DA-483D-9F92-53CDF5592872}.Release|x64.ActiveCfg = Release|Any CPU
		{0F82B072-72DA-483D-9F92-53CDF5592872}.Release|x64.Build.0 = Release|Any CPU
		{0F82B072-72DA-483D-9F92-53CDF5592872}.Release|x64.Deploy.0 = Release|Any CPU
		{0F82B072-72DA-483D-9F92-53CDF5592872}.Release|x86.ActiveCfg = Release|Any CPU
		{0F82B072-72DA-483D-9F92-53CDF5592872}.Release|x86.Build.0 = Release|Any CPU
		{0F82B072-72DA-483D-9F92-53CDF5592872}.Release|x86.Deploy.0 = Release|Any CPU
	EndGlobalSection
	GlobalSection(SolutionProperties) = preSolution
		HideSolutionNode = FALSE
	EndGlobalSection
	GlobalSection(ExtensibilityGlobals) = postSolution
		SolutionGuid = {1AF1F9E9-9D24-4DB0-A07F-47519E87152D}
	EndGlobalSection
EndGlobal
