
Microsoft Visual Studio Solution File, Format Version 12.00
# Visual Studio Version 16
VisualStudioVersion = 16.0.29519.87
MinimumVisualStudioVersion = 10.0.40219.1
Project("{FAE04EC0-301F-11D3-BF4B-00C04F79EFBC}") = "RNGTask.UWP", "RNGTask\RNGTask.UWP\RNGTask.UWP.csproj", "{7314F338-11F6-45E8-892A-3EB5E64955BE}"
EndProject
Project("{FAE04EC0-301F-11D3-BF4B-00C04F79EFBC}") = "RNGTask.Android", "RNGTask\RNGTask.Android\RNGTask.Android.csproj", "{9D9FC183-0331-49AE-84DC-4B3EC9D99107}"
EndProject
Project("{FAE04EC0-301F-11D3-BF4B-00C04F79EFBC}") = "RNGTask.iOS", "RNGTask\RNGTask.iOS\RNGTask.iOS.csproj", "{68A7DA7C-9976-43A8-ADAB-57494AEACD8D}"
EndProject
Project("{FAE04EC0-301F-11D3-BF4B-00C04F79EFBC}") = "RNGTask", "RNGTask\RNGTask\RNGTask.csproj", "{3B82B1D5-D3BA-4554-9FE7-8550312F22C3}"
EndProject
Global
	GlobalSection(SolutionConfigurationPlatforms) = preSolution
		Debug|Any CPU = Debug|Any CPU
		Debug|ARM = Debug|ARM
		Debug|iPhone = Debug|iPhone
		Debug|iPhoneSimulator = Debug|iPhoneSimulator
		Debug|x64 = Debug|x64
		Debug|x86 = Debug|x86
		Release|Any CPU = Release|Any CPU
		Release|ARM = Release|ARM
		Release|iPhone = Release|iPhone
		Release|iPhoneSimulator = Release|iPhoneSimulator
		Release|x64 = Release|x64
		Release|x86 = Release|x86
	EndGlobalSection
	GlobalSection(ProjectConfigurationPlatforms) = postSolution
		{7314F338-11F6-45E8-892A-3EB5E64955BE}.Debug|Any CPU.ActiveCfg = Debug|x86
		{7314F338-11F6-45E8-892A-3EB5E64955BE}.Debug|Any CPU.Build.0 = Debug|x86
		{7314F338-11F6-45E8-892A-3EB5E64955BE}.Debug|Any CPU.Deploy.0 = Debug|x86
		{7314F338-11F6-45E8-892A-3EB5E64955BE}.Debug|ARM.ActiveCfg = Debug|ARM
		{7314F338-11F6-45E8-892A-3EB5E64955BE}.Debug|ARM.Build.0 = Debug|ARM
		{7314F338-11F6-45E8-892A-3EB5E64955BE}.Debug|ARM.Deploy.0 = Debug|ARM
		{7314F338-11F6-45E8-892A-3EB5E64955BE}.Debug|iPhone.ActiveCfg = Debug|x86
		{7314F338-11F6-45E8-892A-3EB5E64955BE}.Debug|iPhone.Build.0 = Debug|x86
		{7314F338-11F6-45E8-892A-3EB5E64955BE}.Debug|iPhone.Deploy.0 = Debug|x86
		{7314F338-11F6-45E8-892A-3EB5E64955BE}.Debug|iPhoneSimulator.ActiveCfg = Debug|x86
		{7314F338-11F6-45E8-892A-3EB5E64955BE}.Debug|iPhoneSimulator.Build.0 = Debug|x86
		{7314F338-11F6-45E8-892A-3EB5E64955BE}.Debug|iPhoneSimulator.Deploy.0 = Debug|x86
		{7314F338-11F6-45E8-892A-3EB5E64955BE}.Debug|x64.ActiveCfg = Debug|x64
		{7314F338-11F6-45E8-892A-3EB5E64955BE}.Debug|x64.Build.0 = Debug|x64
		{7314F338-11F6-45E8-892A-3EB5E64955BE}.Debug|x64.Deploy.0 = Debug|x64
		{7314F338-11F6-45E8-892A-3EB5E64955BE}.Debug|x86.ActiveCfg = Debug|x86
		{7314F338-11F6-45E8-892A-3EB5E64955BE}.Debug|x86.Build.0 = Debug|x86
		{7314F338-11F6-45E8-892A-3EB5E64955BE}.Debug|x86.Deploy.0 = Debug|x86
		{7314F338-11F6-45E8-892A-3EB5E64955BE}.Release|Any CPU.ActiveCfg = Release|x86
		{7314F338-11F6-45E8-892A-3EB5E64955BE}.Release|Any CPU.Build.0 = Release|x86
		{7314F338-11F6-45E8-892A-3EB5E64955BE}.Release|Any CPU.Deploy.0 = Release|x86
		{7314F338-11F6-45E8-892A-3EB5E64955BE}.Release|ARM.ActiveCfg = Release|ARM
		{7314F338-11F6-45E8-892A-3EB5E64955BE}.Release|ARM.Build.0 = Release|ARM
		{7314F338-11F6-45E8-892A-3EB5E64955BE}.Release|ARM.Deploy.0 = Release|ARM
		{7314F338-11F6-45E8-892A-3EB5E64955BE}.Release|iPhone.ActiveCfg = Release|x86
		{7314F338-11F6-45E8-892A-3EB5E64955BE}.Release|iPhone.Build.0 = Release|x86
		{7314F338-11F6-45E8-892A-3EB5E64955BE}.Release|iPhone.Deploy.0 = Release|x86
		{7314F338-11F6-45E8-892A-3EB5E64955BE}.Release|iPhoneSimulator.ActiveCfg = Release|x86
		{7314F338-11F6-45E8-892A-3EB5E64955BE}.Release|iPhoneSimulator.Build.0 = Release|x86
		{7314F338-11F6-45E8-892A-3EB5E64955BE}.Release|iPhoneSimulator.Deploy.0 = Release|x86
		{7314F338-11F6-45E8-892A-3EB5E64955BE}.Release|x64.ActiveCfg = Release|x64
		{7314F338-11F6-45E8-892A-3EB5E64955BE}.Release|x64.Build.0 = Release|x64
		{7314F338-11F6-45E8-892A-3EB5E64955BE}.Release|x64.Deploy.0 = Release|x64
		{7314F338-11F6-45E8-892A-3EB5E64955BE}.Release|x86.ActiveCfg = Release|x86
		{7314F338-11F6-45E8-892A-3EB5E64955BE}.Release|x86.Build.0 = Release|x86
		{7314F338-11F6-45E8-892A-3EB5E64955BE}.Release|x86.Deploy.0 = Release|x86
		{9D9FC183-0331-49AE-84DC-4B3EC9D99107}.Debug|Any CPU.ActiveCfg = Debug|Any CPU
		{9D9FC183-0331-49AE-84DC-4B3EC9D99107}.Debug|Any CPU.Build.0 = Debug|Any CPU
		{9D9FC183-0331-49AE-84DC-4B3EC9D99107}.Debug|Any CPU.Deploy.0 = Debug|Any CPU
		{9D9FC183-0331-49AE-84DC-4B3EC9D99107}.Debug|ARM.ActiveCfg = Debug|Any CPU
		{9D9FC183-0331-49AE-84DC-4B3EC9D99107}.Debug|ARM.Build.0 = Debug|Any CPU
		{9D9FC183-0331-49AE-84DC-4B3EC9D99107}.Debug|ARM.Deploy.0 = Debug|Any CPU
		{9D9FC183-0331-49AE-84DC-4B3EC9D99107}.Debug|iPhone.ActiveCfg = Debug|Any CPU
		{9D9FC183-0331-49AE-84DC-4B3EC9D99107}.Debug|iPhone.Build.0 = Debug|Any CPU
		{9D9FC183-0331-49AE-84DC-4B3EC9D99107}.Debug|iPhone.Deploy.0 = Debug|Any CPU
		{9D9FC183-0331-49AE-84DC-4B3EC9D99107}.Debug|iPhoneSimulator.ActiveCfg = Debug|Any CPU
		{9D9FC183-0331-49AE-84DC-4B3EC9D99107}.Debug|iPhoneSimulator.Build.0 = Debug|Any CPU
		{9D9FC183-0331-49AE-84DC-4B3EC9D99107}.Debug|iPhoneSimulator.Deploy.0 = Debug|Any CPU
		{9D9FC183-0331-49AE-84DC-4B3EC9D99107}.Debug|x64.ActiveCfg = Debug|Any CPU
		{9D9FC183-0331-49AE-84DC-4B3EC9D99107}.Debug|x64.Build.0 = Debug|Any CPU
		{9D9FC183-0331-49AE-84DC-4B3EC9D99107}.Debug|x64.Deploy.0 = Debug|Any CPU
		{9D9FC183-0331-49AE-84DC-4B3EC9D99107}.Debug|x86.ActiveCfg = Debug|Any CPU
		{9D9FC183-0331-49AE-84DC-4B3EC9D99107}.Debug|x86.Build.0 = Debug|Any CPU
		{9D9FC183-0331-49AE-84DC-4B3EC9D99107}.Debug|x86.Deploy.0 = Debug|Any CPU
		{9D9FC183-0331-49AE-84DC-4B3EC9D99107}.Release|Any CPU.ActiveCfg = Release|Any CPU
		{9D9FC183-0331-49AE-84DC-4B3EC9D99107}.Release|Any CPU.Build.0 = Release|Any CPU
		{9D9FC183-0331-49AE-84DC-4B3EC9D99107}.Release|Any CPU.Deploy.0 = Release|Any CPU
		{9D9FC183-0331-49AE-84DC-4B3EC9D99107}.Release|ARM.ActiveCfg = Release|Any CPU
		{9D9FC183-0331-49AE-84DC-4B3EC9D99107}.Release|ARM.Build.0 = Release|Any CPU
		{9D9FC183-0331-49AE-84DC-4B3EC9D99107}.Release|ARM.Deploy.0 = Release|Any CPU
		{9D9FC183-0331-49AE-84DC-4B3EC9D99107}.Release|iPhone.ActiveCfg = Release|Any CPU
		{9D9FC183-0331-49AE-84DC-4B3EC9D99107}.Release|iPhone.Build.0 = Release|Any CPU
		{9D9FC183-0331-49AE-84DC-4B3EC9D99107}.Release|iPhone.Deploy.0 = Release|Any CPU
		{9D9FC183-0331-49AE-84DC-4B3EC9D99107}.Release|iPhoneSimulator.ActiveCfg = Release|Any CPU
		{9D9FC183-0331-49AE-84DC-4B3EC9D99107}.Release|iPhoneSimulator.Build.0 = Release|Any CPU
		{9D9FC183-0331-49AE-84DC-4B3EC9D99107}.Release|iPhoneSimulator.Deploy.0 = Release|Any CPU
		{9D9FC183-0331-49AE-84DC-4B3EC9D99107}.Release|x64.ActiveCfg = Release|Any CPU
		{9D9FC183-0331-49AE-84DC-4B3EC9D99107}.Release|x64.Build.0 = Release|Any CPU
		{9D9FC183-0331-49AE-84DC-4B3EC9D99107}.Release|x64.Deploy.0 = Release|Any CPU
		{9D9FC183-0331-49AE-84DC-4B3EC9D99107}.Release|x86.ActiveCfg = Release|Any CPU
		{9D9FC183-0331-49AE-84DC-4B3EC9D99107}.Release|x86.Build.0 = Release|Any CPU
		{9D9FC183-0331-49AE-84DC-4B3EC9D99107}.Release|x86.Deploy.0 = Release|Any CPU
		{68A7DA7C-9976-43A8-ADAB-57494AEACD8D}.Debug|Any CPU.ActiveCfg = Debug|iPhone
		{68A7DA7C-9976-43A8-ADAB-57494AEACD8D}.Debug|Any CPU.Build.0 = Debug|iPhone
		{68A7DA7C-9976-43A8-ADAB-57494AEACD8D}.Debug|Any CPU.Deploy.0 = Debug|iPhone
		{68A7DA7C-9976-43A8-ADAB-57494AEACD8D}.Debug|ARM.ActiveCfg = Debug|iPhoneSimulator
		{68A7DA7C-9976-43A8-ADAB-57494AEACD8D}.Debug|ARM.Build.0 = Debug|iPhoneSimulator
		{68A7DA7C-9976-43A8-ADAB-57494AEACD8D}.Debug|ARM.Deploy.0 = Debug|iPhoneSimulator
		{68A7DA7C-9976-43A8-ADAB-57494AEACD8D}.Debug|iPhone.ActiveCfg = Debug|iPhone
		{68A7DA7C-9976-43A8-ADAB-57494AEACD8D}.Debug|iPhone.Build.0 = Debug|iPhone
		{68A7DA7C-9976-43A8-ADAB-57494AEACD8D}.Debug|iPhone.Deploy.0 = Debug|iPhone
		{68A7DA7C-9976-43A8-ADAB-57494AEACD8D}.Debug|iPhoneSimulator.ActiveCfg = Debug|iPhoneSimulator
		{68A7DA7C-9976-43A8-ADAB-57494AEACD8D}.Debug|iPhoneSimulator.Build.0 = Debug|iPhoneSimulator
		{68A7DA7C-9976-43A8-ADAB-57494AEACD8D}.Debug|iPhoneSimulator.Deploy.0 = Debug|iPhoneSimulator
		{68A7DA7C-9976-43A8-ADAB-57494AEACD8D}.Debug|x64.ActiveCfg = Debug|iPhone
		{68A7DA7C-9976-43A8-ADAB-57494AEACD8D}.Debug|x64.Build.0 = Debug|iPhone
		{68A7DA7C-9976-43A8-ADAB-57494AEACD8D}.Debug|x64.Deploy.0 = Debug|iPhone
		{68A7DA7C-9976-43A8-ADAB-57494AEACD8D}.Debug|x86.ActiveCfg = Debug|iPhone
		{68A7DA7C-9976-43A8-ADAB-57494AEACD8D}.Debug|x86.Build.0 = Debug|iPhone
		{68A7DA7C-9976-43A8-ADAB-57494AEACD8D}.Debug|x86.Deploy.0 = Debug|iPhone
		{68A7DA7C-9976-43A8-ADAB-57494AEACD8D}.Release|Any CPU.ActiveCfg = Release|iPhone
		{68A7DA7C-9976-43A8-ADAB-57494AEACD8D}.Release|Any CPU.Build.0 = Release|iPhone
		{68A7DA7C-9976-43A8-ADAB-57494AEACD8D}.Release|Any CPU.Deploy.0 = Release|iPhone
		{68A7DA7C-9976-43A8-ADAB-57494AEACD8D}.Release|ARM.ActiveCfg = Release|iPhone
		{68A7DA7C-9976-43A8-ADAB-57494AEACD8D}.Release|ARM.Build.0 = Release|iPhone
		{68A7DA7C-9976-43A8-ADAB-57494AEACD8D}.Release|ARM.Deploy.0 = Release|iPhone
		{68A7DA7C-9976-43A8-ADAB-57494AEACD8D}.Release|iPhone.ActiveCfg = Release|iPhone
		{68A7DA7C-9976-43A8-ADAB-57494AEACD8D}.Release|iPhone.Build.0 = Release|iPhone
		{68A7DA7C-9976-43A8-ADAB-57494AEACD8D}.Release|iPhone.Deploy.0 = Release|iPhone
		{68A7DA7C-9976-43A8-ADAB-57494AEACD8D}.Release|iPhoneSimulator.ActiveCfg = Release|iPhoneSimulator
		{68A7DA7C-9976-43A8-ADAB-57494AEACD8D}.Release|iPhoneSimulator.Build.0 = Release|iPhoneSimulator
		{68A7DA7C-9976-43A8-ADAB-57494AEACD8D}.Release|iPhoneSimulator.Deploy.0 = Release|iPhoneSimulator
		{68A7DA7C-9976-43A8-ADAB-57494AEACD8D}.Release|x64.ActiveCfg = Release|iPhone
		{68A7DA7C-9976-43A8-ADAB-57494AEACD8D}.Release|x64.Build.0 = Release|iPhone
		{68A7DA7C-9976-43A8-ADAB-57494AEACD8D}.Release|x64.Deploy.0 = Release|iPhone
		{68A7DA7C-9976-43A8-ADAB-57494AEACD8D}.Release|x86.ActiveCfg = Release|iPhone
		{68A7DA7C-9976-43A8-ADAB-57494AEACD8D}.Release|x86.Build.0 = Release|iPhone
		{68A7DA7C-9976-43A8-ADAB-57494AEACD8D}.Release|x86.Deploy.0 = Release|iPhone
		{3B82B1D5-D3BA-4554-9FE7-8550312F22C3}.Debug|Any CPU.ActiveCfg = Debug|Any CPU
		{3B82B1D5-D3BA-4554-9FE7-8550312F22C3}.Debug|Any CPU.Build.0 = Debug|Any CPU
		{3B82B1D5-D3BA-4554-9FE7-8550312F22C3}.Debug|Any CPU.Deploy.0 = Debug|Any CPU
		{3B82B1D5-D3BA-4554-9FE7-8550312F22C3}.Debug|ARM.ActiveCfg = Debug|Any CPU
		{3B82B1D5-D3BA-4554-9FE7-8550312F22C3}.Debug|ARM.Build.0 = Debug|Any CPU
		{3B82B1D5-D3BA-4554-9FE7-8550312F22C3}.Debug|ARM.Deploy.0 = Debug|Any CPU
		{3B82B1D5-D3BA-4554-9FE7-8550312F22C3}.Debug|iPhone.ActiveCfg = Debug|Any CPU
		{3B82B1D5-D3BA-4554-9FE7-8550312F22C3}.Debug|iPhone.Build.0 = Debug|Any CPU
		{3B82B1D5-D3BA-4554-9FE7-8550312F22C3}.Debug|iPhone.Deploy.0 = Debug|Any CPU
		{3B82B1D5-D3BA-4554-9FE7-8550312F22C3}.Debug|iPhoneSimulator.ActiveCfg = Debug|Any CPU
		{3B82B1D5-D3BA-4554-9FE7-8550312F22C3}.Debug|iPhoneSimulator.Build.0 = Debug|Any CPU
		{3B82B1D5-D3BA-4554-9FE7-8550312F22C3}.Debug|iPhoneSimulator.Deploy.0 = Debug|Any CPU
		{3B82B1D5-D3BA-4554-9FE7-8550312F22C3}.Debug|x64.ActiveCfg = Debug|Any CPU
		{3B82B1D5-D3BA-4554-9FE7-8550312F22C3}.Debug|x64.Build.0 = Debug|Any CPU
		{3B82B1D5-D3BA-4554-9FE7-8550312F22C3}.Debug|x64.Deploy.0 = Debug|Any CPU
		{3B82B1D5-D3BA-4554-9FE7-8550312F22C3}.Debug|x86.ActiveCfg = Debug|Any CPU
		{3B82B1D5-D3BA-4554-9FE7-8550312F22C3}.Debug|x86.Build.0 = Debug|Any CPU
		{3B82B1D5-D3BA-4554-9FE7-8550312F22C3}.Debug|x86.Deploy.0 = Debug|Any CPU
		{3B82B1D5-D3BA-4554-9FE7-8550312F22C3}.Release|Any CPU.ActiveCfg = Release|Any CPU
		{3B82B1D5-D3BA-4554-9FE7-8550312F22C3}.Release|Any CPU.Build.0 = Release|Any CPU
		{3B82B1D5-D3BA-4554-9FE7-8550312F22C3}.Release|Any CPU.Deploy.0 = Release|Any CPU
		{3B82B1D5-D3BA-4554-9FE7-8550312F22C3}.Release|ARM.ActiveCfg = Release|Any CPU
		{3B82B1D5-D3BA-4554-9FE7-8550312F22C3}.Release|ARM.Build.0 = Release|Any CPU
		{3B82B1D5-D3BA-4554-9FE7-8550312F22C3}.Release|ARM.Deploy.0 = Release|Any CPU
		{3B82B1D5-D3BA-4554-9FE7-8550312F22C3}.Release|iPhone.ActiveCfg = Release|Any CPU
		{3B82B1D5-D3BA-4554-9FE7-8550312F22C3}.Release|iPhone.Build.0 = Release|Any CPU
		{3B82B1D5-D3BA-4554-9FE7-8550312F22C3}.Release|iPhone.Deploy.0 = Release|Any CPU
		{3B82B1D5-D3BA-4554-9FE7-8550312F22C3}.Release|iPhoneSimulator.ActiveCfg = Release|Any CPU
		{3B82B1D5-D3BA-4554-9FE7-8550312F22C3}.Release|iPhoneSimulator.Build.0 = Release|Any CPU
		{3B82B1D5-D3BA-4554-9FE7-8550312F22C3}.Release|iPhoneSimulator.Deploy.0 = Release|Any CPU
		{3B82B1D5-D3BA-4554-9FE7-8550312F22C3}.Release|x64.ActiveCfg = Release|Any CPU
		{3B82B1D5-D3BA-4554-9FE7-8550312F22C3}.Release|x64.Build.0 = Release|Any CPU
		{3B82B1D5-D3BA-4554-9FE7-8550312F22C3}.Release|x64.Deploy.0 = Release|Any CPU
		{3B82B1D5-D3BA-4554-9FE7-8550312F22C3}.Release|x86.ActiveCfg = Release|Any CPU
		{3B82B1D5-D3BA-4554-9FE7-8550312F22C3}.Release|x86.Build.0 = Release|Any CPU
		{3B82B1D5-D3BA-4554-9FE7-8550312F22C3}.Release|x86.Deploy.0 = Release|Any CPU
	EndGlobalSection
	GlobalSection(SolutionProperties) = preSolution
		HideSolutionNode = FALSE
	EndGlobalSection
	GlobalSection(ExtensibilityGlobals) = postSolution
		SolutionGuid = {FB549472-49C8-4CC4-B9DB-C933FD4C36FD}
	EndGlobalSection
EndGlobal
