
Microsoft Visual Studio Solution File, Format Version 12.00
# Visual Studio Version 16
VisualStudioVersion = 16.0.29519.87
MinimumVisualStudioVersion = 10.0.40219.1
Project("{FAE04EC0-301F-11D3-BF4B-00C04F79EFBC}") = "LayoutXF.UWP", "LayoutXF\LayoutXF.UWP\LayoutXF.UWP.csproj", "{7E78D956-29C8-4766-A1D6-FC570DA0D2A4}"
EndProject
Project("{FAE04EC0-301F-11D3-BF4B-00C04F79EFBC}") = "LayoutXF.Android", "LayoutXF\LayoutXF.Android\LayoutXF.Android.csproj", "{9A26726B-C210-4400-BAA3-88AA3AF493F7}"
EndProject
Project("{FAE04EC0-301F-11D3-BF4B-00C04F79EFBC}") = "LayoutXF.iOS", "LayoutXF\LayoutXF.iOS\LayoutXF.iOS.csproj", "{44BAA677-5442-4D65-AA99-45584E50FDB1}"
EndProject
Project("{FAE04EC0-301F-11D3-BF4B-00C04F79EFBC}") = "LayoutXF", "LayoutXF\LayoutXF\LayoutXF.csproj", "{8EC65722-F53A-4C6C-8BA6-98C01A7C2A44}"
EndProject
Global
	GlobalSection(SolutionConfigurationPlatforms) = preSolution
		Debug|Any CPU = Debug|Any CPU
		Debug|ARM = Debug|ARM
		Debug|iPhone = Debug|iPhone
		Debug|iPhoneSimulator = Debug|iPhoneSimulator
		Debug|x64 = Debug|x64
		Debug|x86 = Debug|x86
		Release|Any CPU = Release|Any CPU
		Release|ARM = Release|ARM
		Release|iPhone = Release|iPhone
		Release|iPhoneSimulator = Release|iPhoneSimulator
		Release|x64 = Release|x64
		Release|x86 = Release|x86
	EndGlobalSection
	GlobalSection(ProjectConfigurationPlatforms) = postSolution
		{7E78D956-29C8-4766-A1D6-FC570DA0D2A4}.Debug|Any CPU.ActiveCfg = Debug|x86
		{7E78D956-29C8-4766-A1D6-FC570DA0D2A4}.Debug|Any CPU.Build.0 = Debug|x86
		{7E78D956-29C8-4766-A1D6-FC570DA0D2A4}.Debug|Any CPU.Deploy.0 = Debug|x86
		{7E78D956-29C8-4766-A1D6-FC570DA0D2A4}.Debug|ARM.ActiveCfg = Debug|ARM
		{7E78D956-29C8-4766-A1D6-FC570DA0D2A4}.Debug|ARM.Build.0 = Debug|ARM
		{7E78D956-29C8-4766-A1D6-FC570DA0D2A4}.Debug|ARM.Deploy.0 = Debug|ARM
		{7E78D956-29C8-4766-A1D6-FC570DA0D2A4}.Debug|iPhone.ActiveCfg = Debug|x86
		{7E78D956-29C8-4766-A1D6-FC570DA0D2A4}.Debug|iPhone.Build.0 = Debug|x86
		{7E78D956-29C8-4766-A1D6-FC570DA0D2A4}.Debug|iPhone.Deploy.0 = Debug|x86
		{7E78D956-29C8-4766-A1D6-FC570DA0D2A4}.Debug|iPhoneSimulator.ActiveCfg = Debug|x86
		{7E78D956-29C8-4766-A1D6-FC570DA0D2A4}.Debug|iPhoneSimulator.Build.0 = Debug|x86
		{7E78D956-29C8-4766-A1D6-FC570DA0D2A4}.Debug|iPhoneSimulator.Deploy.0 = Debug|x86
		{7E78D956-29C8-4766-A1D6-FC570DA0D2A4}.Debug|x64.ActiveCfg = Debug|x64
		{7E78D956-29C8-4766-A1D6-FC570DA0D2A4}.Debug|x64.Build.0 = Debug|x64
		{7E78D956-29C8-4766-A1D6-FC570DA0D2A4}.Debug|x64.Deploy.0 = Debug|x64
		{7E78D956-29C8-4766-A1D6-FC570DA0D2A4}.Debug|x86.ActiveCfg = Debug|x86
		{7E78D956-29C8-4766-A1D6-FC570DA0D2A4}.Debug|x86.Build.0 = Debug|x86
		{7E78D956-29C8-4766-A1D6-FC570DA0D2A4}.Debug|x86.Deploy.0 = Debug|x86
		{7E78D956-29C8-4766-A1D6-FC570DA0D2A4}.Release|Any CPU.ActiveCfg = Release|x86
		{7E78D956-29C8-4766-A1D6-FC570DA0D2A4}.Release|Any CPU.Build.0 = Release|x86
		{7E78D956-29C8-4766-A1D6-FC570DA0D2A4}.Release|Any CPU.Deploy.0 = Release|x86
		{7E78D956-29C8-4766-A1D6-FC570DA0D2A4}.Release|ARM.ActiveCfg = Release|ARM
		{7E78D956-29C8-4766-A1D6-FC570DA0D2A4}.Release|ARM.Build.0 = Release|ARM
		{7E78D956-29C8-4766-A1D6-FC570DA0D2A4}.Release|ARM.Deploy.0 = Release|ARM
		{7E78D956-29C8-4766-A1D6-FC570DA0D2A4}.Release|iPhone.ActiveCfg = Release|x86
		{7E78D956-29C8-4766-A1D6-FC570DA0D2A4}.Release|iPhone.Build.0 = Release|x86
		{7E78D956-29C8-4766-A1D6-FC570DA0D2A4}.Release|iPhone.Deploy.0 = Release|x86
		{7E78D956-29C8-4766-A1D6-FC570DA0D2A4}.Release|iPhoneSimulator.ActiveCfg = Release|x86
		{7E78D956-29C8-4766-A1D6-FC570DA0D2A4}.Release|iPhoneSimulator.Build.0 = Release|x86
		{7E78D956-29C8-4766-A1D6-FC570DA0D2A4}.Release|iPhoneSimulator.Deploy.0 = Release|x86
		{7E78D956-29C8-4766-A1D6-FC570DA0D2A4}.Release|x64.ActiveCfg = Release|x64
		{7E78D956-29C8-4766-A1D6-FC570DA0D2A4}.Release|x64.Build.0 = Release|x64
		{7E78D956-29C8-4766-A1D6-FC570DA0D2A4}.Release|x64.Deploy.0 = Release|x64
		{7E78D956-29C8-4766-A1D6-FC570DA0D2A4}.Release|x86.ActiveCfg = Release|x86
		{7E78D956-29C8-4766-A1D6-FC570DA0D2A4}.Release|x86.Build.0 = Release|x86
		{7E78D956-29C8-4766-A1D6-FC570DA0D2A4}.Release|x86.Deploy.0 = Release|x86
		{9A26726B-C210-4400-BAA3-88AA3AF493F7}.Debug|Any CPU.ActiveCfg = Debug|Any CPU
		{9A26726B-C210-4400-BAA3-88AA3AF493F7}.Debug|Any CPU.Build.0 = Debug|Any CPU
		{9A26726B-C210-4400-BAA3-88AA3AF493F7}.Debug|Any CPU.Deploy.0 = Debug|Any CPU
		{9A26726B-C210-4400-BAA3-88AA3AF493F7}.Debug|ARM.ActiveCfg = Debug|Any CPU
		{9A26726B-C210-4400-BAA3-88AA3AF493F7}.Debug|ARM.Build.0 = Debug|Any CPU
		{9A26726B-C210-4400-BAA3-88AA3AF493F7}.Debug|ARM.Deploy.0 = Debug|Any CPU
		{9A26726B-C210-4400-BAA3-88AA3AF493F7}.Debug|iPhone.ActiveCfg = Debug|Any CPU
		{9A26726B-C210-4400-BAA3-88AA3AF493F7}.Debug|iPhone.Build.0 = Debug|Any CPU
		{9A26726B-C210-4400-BAA3-88AA3AF493F7}.Debug|iPhone.Deploy.0 = Debug|Any CPU
		{9A26726B-C210-4400-BAA3-88AA3AF493F7}.Debug|iPhoneSimulator.ActiveCfg = Debug|Any CPU
		{9A26726B-C210-4400-BAA3-88AA3AF493F7}.Debug|iPhoneSimulator.Build.0 = Debug|Any CPU
		{9A26726B-C210-4400-BAA3-88AA3AF493F7}.Debug|iPhoneSimulator.Deploy.0 = Debug|Any CPU
		{9A26726B-C210-4400-BAA3-88AA3AF493F7}.Debug|x64.ActiveCfg = Debug|Any CPU
		{9A26726B-C210-4400-BAA3-88AA3AF493F7}.Debug|x64.Build.0 = Debug|Any CPU
		{9A26726B-C210-4400-BAA3-88AA3AF493F7}.Debug|x64.Deploy.0 = Debug|Any CPU
		{9A26726B-C210-4400-BAA3-88AA3AF493F7}.Debug|x86.ActiveCfg = Debug|Any CPU
		{9A26726B-C210-4400-BAA3-88AA3AF493F7}.Debug|x86.Build.0 = Debug|Any CPU
		{9A26726B-C210-4400-BAA3-88AA3AF493F7}.Debug|x86.Deploy.0 = Debug|Any CPU
		{9A26726B-C210-4400-BAA3-88AA3AF493F7}.Release|Any CPU.ActiveCfg = Release|Any CPU
		{9A26726B-C210-4400-BAA3-88AA3AF493F7}.Release|Any CPU.Build.0 = Release|Any CPU
		{9A26726B-C210-4400-BAA3-88AA3AF493F7}.Release|Any CPU.Deploy.0 = Release|Any CPU
		{9A26726B-C210-4400-BAA3-88AA3AF493F7}.Release|ARM.ActiveCfg = Release|Any CPU
		{9A26726B-C210-4400-BAA3-88AA3AF493F7}.Release|ARM.Build.0 = Release|Any CPU
		{9A26726B-C210-4400-BAA3-88AA3AF493F7}.Release|ARM.Deploy.0 = Release|Any CPU
		{9A26726B-C210-4400-BAA3-88AA3AF493F7}.Release|iPhone.ActiveCfg = Release|Any CPU
		{9A26726B-C210-4400-BAA3-88AA3AF493F7}.Release|iPhone.Build.0 = Release|Any CPU
		{9A26726B-C210-4400-BAA3-88AA3AF493F7}.Release|iPhone.Deploy.0 = Release|Any CPU
		{9A26726B-C210-4400-BAA3-88AA3AF493F7}.Release|iPhoneSimulator.ActiveCfg = Release|Any CPU
		{9A26726B-C210-4400-BAA3-88AA3AF493F7}.Release|iPhoneSimulator.Build.0 = Release|Any CPU
		{9A26726B-C210-4400-BAA3-88AA3AF493F7}.Release|iPhoneSimulator.Deploy.0 = Release|Any CPU
		{9A26726B-C210-4400-BAA3-88AA3AF493F7}.Release|x64.ActiveCfg = Release|Any CPU
		{9A26726B-C210-4400-BAA3-88AA3AF493F7}.Release|x64.Build.0 = Release|Any CPU
		{9A26726B-C210-4400-BAA3-88AA3AF493F7}.Release|x64.Deploy.0 = Release|Any CPU
		{9A26726B-C210-4400-BAA3-88AA3AF493F7}.Release|x86.ActiveCfg = Release|Any CPU
		{9A26726B-C210-4400-BAA3-88AA3AF493F7}.Release|x86.Build.0 = Release|Any CPU
		{9A26726B-C210-4400-BAA3-88AA3AF493F7}.Release|x86.Deploy.0 = Release|Any CPU
		{44BAA677-5442-4D65-AA99-45584E50FDB1}.Debug|Any CPU.ActiveCfg = Debug|iPhone
		{44BAA677-5442-4D65-AA99-45584E50FDB1}.Debug|Any CPU.Build.0 = Debug|iPhone
		{44BAA677-5442-4D65-AA99-45584E50FDB1}.Debug|Any CPU.Deploy.0 = Debug|iPhone
		{44BAA677-5442-4D65-AA99-45584E50FDB1}.Debug|ARM.ActiveCfg = Debug|iPhoneSimulator
		{44BAA677-5442-4D65-AA99-45584E50FDB1}.Debug|ARM.Build.0 = Debug|iPhoneSimulator
		{44BAA677-5442-4D65-AA99-45584E50FDB1}.Debug|ARM.Deploy.0 = Debug|iPhoneSimulator
		{44BAA677-5442-4D65-AA99-45584E50FDB1}.Debug|iPhone.ActiveCfg = Debug|iPhone
		{44BAA677-5442-4D65-AA99-45584E50FDB1}.Debug|iPhone.Build.0 = Debug|iPhone
		{44BAA677-5442-4D65-AA99-45584E50FDB1}.Debug|iPhone.Deploy.0 = Debug|iPhone
		{44BAA677-5442-4D65-AA99-45584E50FDB1}.Debug|iPhoneSimulator.ActiveCfg = Debug|iPhoneSimulator
		{44BAA677-5442-4D65-AA99-45584E50FDB1}.Debug|iPhoneSimulator.Build.0 = Debug|iPhoneSimulator
		{44BAA677-5442-4D65-AA99-45584E50FDB1}.Debug|iPhoneSimulator.Deploy.0 = Debug|iPhoneSimulator
		{44BAA677-5442-4D65-AA99-45584E50FDB1}.Debug|x64.ActiveCfg = Debug|iPhone
		{44BAA677-5442-4D65-AA99-45584E50FDB1}.Debug|x64.Build.0 = Debug|iPhone
		{44BAA677-5442-4D65-AA99-45584E50FDB1}.Debug|x64.Deploy.0 = Debug|iPhone
		{44BAA677-5442-4D65-AA99-45584E50FDB1}.Debug|x86.ActiveCfg = Debug|iPhone
		{44BAA677-5442-4D65-AA99-45584E50FDB1}.Debug|x86.Build.0 = Debug|iPhone
		{44BAA677-5442-4D65-AA99-45584E50FDB1}.Debug|x86.Deploy.0 = Debug|iPhone
		{44BAA677-5442-4D65-AA99-45584E50FDB1}.Release|Any CPU.ActiveCfg = Release|iPhone
		{44BAA677-5442-4D65-AA99-45584E50FDB1}.Release|Any CPU.Build.0 = Release|iPhone
		{44BAA677-5442-4D65-AA99-45584E50FDB1}.Release|Any CPU.Deploy.0 = Release|iPhone
		{44BAA677-5442-4D65-AA99-45584E50FDB1}.Release|ARM.ActiveCfg = Release|iPhone
		{44BAA677-5442-4D65-AA99-45584E50FDB1}.Release|ARM.Build.0 = Release|iPhone
		{44BAA677-5442-4D65-AA99-45584E50FDB1}.Release|ARM.Deploy.0 = Release|iPhone
		{44BAA677-5442-4D65-AA99-45584E50FDB1}.Release|iPhone.ActiveCfg = Release|iPhone
		{44BAA677-5442-4D65-AA99-45584E50FDB1}.Release|iPhone.Build.0 = Release|iPhone
		{44BAA677-5442-4D65-AA99-45584E50FDB1}.Release|iPhone.Deploy.0 = Release|iPhone
		{44BAA677-5442-4D65-AA99-45584E50FDB1}.Release|iPhoneSimulator.ActiveCfg = Release|iPhoneSimulator
		{44BAA677-5442-4D65-AA99-45584E50FDB1}.Release|iPhoneSimulator.Build.0 = Release|iPhoneSimulator
		{44BAA677-5442-4D65-AA99-45584E50FDB1}.Release|iPhoneSimulator.Deploy.0 = Release|iPhoneSimulator
		{44BAA677-5442-4D65-AA99-45584E50FDB1}.Release|x64.ActiveCfg = Release|iPhone
		{44BAA677-5442-4D65-AA99-45584E50FDB1}.Release|x64.Build.0 = Release|iPhone
		{44BAA677-5442-4D65-AA99-45584E50FDB1}.Release|x64.Deploy.0 = Release|iPhone
		{44BAA677-5442-4D65-AA99-45584E50FDB1}.Release|x86.ActiveCfg = Release|iPhone
		{44BAA677-5442-4D65-AA99-45584E50FDB1}.Release|x86.Build.0 = Release|iPhone
		{44BAA677-5442-4D65-AA99-45584E50FDB1}.Release|x86.Deploy.0 = Release|iPhone
		{8EC65722-F53A-4C6C-8BA6-98C01A7C2A44}.Debug|Any CPU.ActiveCfg = Debug|Any CPU
		{8EC65722-F53A-4C6C-8BA6-98C01A7C2A44}.Debug|Any CPU.Build.0 = Debug|Any CPU
		{8EC65722-F53A-4C6C-8BA6-98C01A7C2A44}.Debug|Any CPU.Deploy.0 = Debug|Any CPU
		{8EC65722-F53A-4C6C-8BA6-98C01A7C2A44}.Debug|ARM.ActiveCfg = Debug|Any CPU
		{8EC65722-F53A-4C6C-8BA6-98C01A7C2A44}.Debug|ARM.Build.0 = Debug|Any CPU
		{8EC65722-F53A-4C6C-8BA6-98C01A7C2A44}.Debug|ARM.Deploy.0 = Debug|Any CPU
		{8EC65722-F53A-4C6C-8BA6-98C01A7C2A44}.Debug|iPhone.ActiveCfg = Debug|Any CPU
		{8EC65722-F53A-4C6C-8BA6-98C01A7C2A44}.Debug|iPhone.Build.0 = Debug|Any CPU
		{8EC65722-F53A-4C6C-8BA6-98C01A7C2A44}.Debug|iPhone.Deploy.0 = Debug|Any CPU
		{8EC65722-F53A-4C6C-8BA6-98C01A7C2A44}.Debug|iPhoneSimulator.ActiveCfg = Debug|Any CPU
		{8EC65722-F53A-4C6C-8BA6-98C01A7C2A44}.Debug|iPhoneSimulator.Build.0 = Debug|Any CPU
		{8EC65722-F53A-4C6C-8BA6-98C01A7C2A44}.Debug|iPhoneSimulator.Deploy.0 = Debug|Any CPU
		{8EC65722-F53A-4C6C-8BA6-98C01A7C2A44}.Debug|x64.ActiveCfg = Debug|Any CPU
		{8EC65722-F53A-4C6C-8BA6-98C01A7C2A44}.Debug|x64.Build.0 = Debug|Any CPU
		{8EC65722-F53A-4C6C-8BA6-98C01A7C2A44}.Debug|x64.Deploy.0 = Debug|Any CPU
		{8EC65722-F53A-4C6C-8BA6-98C01A7C2A44}.Debug|x86.ActiveCfg = Debug|Any CPU
		{8EC65722-F53A-4C6C-8BA6-98C01A7C2A44}.Debug|x86.Build.0 = Debug|Any CPU
		{8EC65722-F53A-4C6C-8BA6-98C01A7C2A44}.Debug|x86.Deploy.0 = Debug|Any CPU
		{8EC65722-F53A-4C6C-8BA6-98C01A7C2A44}.Release|Any CPU.ActiveCfg = Release|Any CPU
		{8EC65722-F53A-4C6C-8BA6-98C01A7C2A44}.Release|Any CPU.Build.0 = Release|Any CPU
		{8EC65722-F53A-4C6C-8BA6-98C01A7C2A44}.Release|Any CPU.Deploy.0 = Release|Any CPU
		{8EC65722-F53A-4C6C-8BA6-98C01A7C2A44}.Release|ARM.ActiveCfg = Release|Any CPU
		{8EC65722-F53A-4C6C-8BA6-98C01A7C2A44}.Release|ARM.Build.0 = Release|Any CPU
		{8EC65722-F53A-4C6C-8BA6-98C01A7C2A44}.Release|ARM.Deploy.0 = Release|Any CPU
		{8EC65722-F53A-4C6C-8BA6-98C01A7C2A44}.Release|iPhone.ActiveCfg = Release|Any CPU
		{8EC65722-F53A-4C6C-8BA6-98C01A7C2A44}.Release|iPhone.Build.0 = Release|Any CPU
		{8EC65722-F53A-4C6C-8BA6-98C01A7C2A44}.Release|iPhone.Deploy.0 = Release|Any CPU
		{8EC65722-F53A-4C6C-8BA6-98C01A7C2A44}.Release|iPhoneSimulator.ActiveCfg = Release|Any CPU
		{8EC65722-F53A-4C6C-8BA6-98C01A7C2A44}.Release|iPhoneSimulator.Build.0 = Release|Any CPU
		{8EC65722-F53A-4C6C-8BA6-98C01A7C2A44}.Release|iPhoneSimulator.Deploy.0 = Release|Any CPU
		{8EC65722-F53A-4C6C-8BA6-98C01A7C2A44}.Release|x64.ActiveCfg = Release|Any CPU
		{8EC65722-F53A-4C6C-8BA6-98C01A7C2A44}.Release|x64.Build.0 = Release|Any CPU
		{8EC65722-F53A-4C6C-8BA6-98C01A7C2A44}.Release|x64.Deploy.0 = Release|Any CPU
		{8EC65722-F53A-4C6C-8BA6-98C01A7C2A44}.Release|x86.ActiveCfg = Release|Any CPU
		{8EC65722-F53A-4C6C-8BA6-98C01A7C2A44}.Release|x86.Build.0 = Release|Any CPU
		{8EC65722-F53A-4C6C-8BA6-98C01A7C2A44}.Release|x86.Deploy.0 = Release|Any CPU
	EndGlobalSection
	GlobalSection(SolutionProperties) = preSolution
		HideSolutionNode = FALSE
	EndGlobalSection
	GlobalSection(ExtensibilityGlobals) = postSolution
		SolutionGuid = {431B5CF7-A1BC-4157-8DBB-C0B2834E8B3E}
	EndGlobalSection
EndGlobal
